// !$*UTF8*$!
{
	archiveVersion = 1;
	classes = {
	};
	objectVersion = 46;
	objects = {

/* Begin PBXBuildFile section */
		25EAD3C28D1E40998AEB958C /* libPods.a in Frameworks */ = {isa = PBXBuildFile; fileRef = FDFB84CA4F32455DA4A4A79D /* libPods.a */; };
		7F0C3E4B1720BC5100C28B59 /* libsqlite3.dylib in Frameworks */ = {isa = PBXBuildFile; fileRef = 7F0C3E4A1720BC5100C28B59 /* libsqlite3.dylib */; };
		7F0C3E4D1720BC5900C28B59 /* libz.dylib in Frameworks */ = {isa = PBXBuildFile; fileRef = 7F0C3E4C1720BC5900C28B59 /* libz.dylib */; };
		7F0C3E501720BCA100C28B59 /* Foundation.framework in Frameworks */ = {isa = PBXBuildFile; fileRef = 7F1F629B16EE4DBA00018974 /* Foundation.framework */; };
		7F0C3E5D1720BDC600C28B59 /* libProj4.a in Frameworks */ = {isa = PBXBuildFile; fileRef = 7F0C3E5C1720BDC600C28B59 /* libProj4.a */; };
		7F0C3E601720BDF000C28B59 /* SVMapboxViewController.m in Sources */ = {isa = PBXBuildFile; fileRef = 7F0C3E5F1720BDF000C28B59 /* SVMapboxViewController.m */; };
		7F109E411700B6A6008C0048 /* CoreData.framework in Frameworks */ = {isa = PBXBuildFile; fileRef = 7F109E401700B6A6008C0048 /* CoreData.framework */; };
		7F109E441700B716008C0048 /* Stourvalley.xcdatamodeld in Sources */ = {isa = PBXBuildFile; fileRef = 7F109E421700B716008C0048 /* Stourvalley.xcdatamodeld */; };
		7F1DFD6B1733AB5600B1C860 /* menu-bg.png in Resources */ = {isa = PBXBuildFile; fileRef = 7F1DFD691733AB5600B1C860 /* menu-bg.png */; };
		7F1DFD6C1733AB5600B1C860 /* menu-bg@2x.png in Resources */ = {isa = PBXBuildFile; fileRef = 7F1DFD6A1733AB5600B1C860 /* menu-bg@2x.png */; };
		7F1DFD701733BC9C00B1C860 /* SVMenuCell.xib in Resources */ = {isa = PBXBuildFile; fileRef = 7F1DFD6F1733BC9C00B1C860 /* SVMenuCell.xib */; };
		7F1F629A16EE4DBA00018974 /* UIKit.framework in Frameworks */ = {isa = PBXBuildFile; fileRef = 7F1F629916EE4DBA00018974 /* UIKit.framework */; };
		7F1F629E16EE4DBA00018974 /* CoreGraphics.framework in Frameworks */ = {isa = PBXBuildFile; fileRef = 7F1F629D16EE4DBA00018974 /* CoreGraphics.framework */; };
		7F1F62A416EE4DBA00018974 /* InfoPlist.strings in Resources */ = {isa = PBXBuildFile; fileRef = 7F1F62A216EE4DBA00018974 /* InfoPlist.strings */; };
		7F1F62A616EE4DBA00018974 /* main.m in Sources */ = {isa = PBXBuildFile; fileRef = 7F1F62A516EE4DBA00018974 /* main.m */; };
		7F1F62AA16EE4DBA00018974 /* SVAppDelegate.m in Sources */ = {isa = PBXBuildFile; fileRef = 7F1F62A916EE4DBA00018974 /* SVAppDelegate.m */; };
		7F1F62AC16EE4DBA00018974 /* Default.png in Resources */ = {isa = PBXBuildFile; fileRef = 7F1F62AB16EE4DBA00018974 /* Default.png */; };
		7F1F62AE16EE4DBA00018974 /* Default@2x.png in Resources */ = {isa = PBXBuildFile; fileRef = 7F1F62AD16EE4DBA00018974 /* Default@2x.png */; };
		7F1F62B016EE4DBA00018974 /* Default-568h@2x.png in Resources */ = {isa = PBXBuildFile; fileRef = 7F1F62AF16EE4DBA00018974 /* Default-568h@2x.png */; };
		7F1F62FE16EF668300018974 /* SVAboutViewController.m in Sources */ = {isa = PBXBuildFile; fileRef = 7F1F62FC16EF668300018974 /* SVAboutViewController.m */; };
		7F1F62FF16EF668300018974 /* SVAboutViewController.xib in Resources */ = {isa = PBXBuildFile; fileRef = 7F1F62FD16EF668300018974 /* SVAboutViewController.xib */; };
		7F1F630516EF66BF00018974 /* SVMapViewController.m in Sources */ = {isa = PBXBuildFile; fileRef = 7F1F630316EF66BF00018974 /* SVMapViewController.m */; };
		7F1F630616EF66BF00018974 /* SVMapViewController.xib in Resources */ = {isa = PBXBuildFile; fileRef = 7F1F630416EF66BF00018974 /* SVMapViewController.xib */; };
		7F1F630B16EF66CB00018974 /* SVEventsViewController.xib in Resources */ = {isa = PBXBuildFile; fileRef = 7F1F630916EF66CB00018974 /* SVEventsViewController.xib */; };
		7F3C5B1A1730182A00793A2D /* navbar.jpg in Resources */ = {isa = PBXBuildFile; fileRef = 7F3C5B181730182A00793A2D /* navbar.jpg */; };
		7F3C5B1B1730182A00793A2D /* navbar@2x.jpg in Resources */ = {isa = PBXBuildFile; fileRef = 7F3C5B191730182A00793A2D /* navbar@2x.jpg */; };
		7F9C50FD16F7210500BAD5F7 /* SVMenuViewController.m in Sources */ = {isa = PBXBuildFile; fileRef = 7F9C50FB16F7210500BAD5F7 /* SVMenuViewController.m */; };
		7F9C510716F725B800BAD5F7 /* list.png in Resources */ = {isa = PBXBuildFile; fileRef = 7F9C510516F725B800BAD5F7 /* list.png */; };
		7F9C510816F725B800BAD5F7 /* list@2x.png in Resources */ = {isa = PBXBuildFile; fileRef = 7F9C510616F725B800BAD5F7 /* list@2x.png */; };
		7F9C510E16F7275D00BAD5F7 /* SVMenuCell.m in Sources */ = {isa = PBXBuildFile; fileRef = 7F9C510D16F7275D00BAD5F7 /* SVMenuCell.m */; };
		7F9C511016F74B6D00BAD5F7 /* MapKit.framework in Frameworks */ = {isa = PBXBuildFile; fileRef = 7F9C510F16F74B6D00BAD5F7 /* MapKit.framework */; };
		7F9C511216F7679B00BAD5F7 /* CoreLocation.framework in Frameworks */ = {isa = PBXBuildFile; fileRef = 7F9C511116F7679B00BAD5F7 /* CoreLocation.framework */; };
		7FCD9B3E1732C8C40088A654 /* stourvalley3.mbtiles in Resources */ = {isa = PBXBuildFile; fileRef = 7FCD9B3D1732C8C40088A654 /* stourvalley3.mbtiles */; };
		BA05A951173311A300927C4F /* event1-3.jpg in Resources */ = {isa = PBXBuildFile; fileRef = BA05A950173311A300927C4F /* event1-3.jpg */; };
		BA05A953173311AA00927C4F /* event1-4.jpg in Resources */ = {isa = PBXBuildFile; fileRef = BA05A952173311AA00927C4F /* event1-4.jpg */; };
		BA05A9551733133800927C4F /* event2-3.jpg in Resources */ = {isa = PBXBuildFile; fileRef = BA05A9541733133800927C4F /* event2-3.jpg */; };
		BA05A9571733134600927C4F /* event2-2.jpg in Resources */ = {isa = PBXBuildFile; fileRef = BA05A9561733134600927C4F /* event2-2.jpg */; };
		BA05A9591733134F00927C4F /* event2-4.jpg in Resources */ = {isa = PBXBuildFile; fileRef = BA05A9581733134F00927C4F /* event2-4.jpg */; };
		BA0F021C17359EE300859A35 /* SVArtistsViewController.m in Sources */ = {isa = PBXBuildFile; fileRef = BA0F021A17359EE300859A35 /* SVArtistsViewController.m */; };
		BA0F021D17359EE300859A35 /* SVArtistsViewController.xib in Resources */ = {isa = PBXBuildFile; fileRef = BA0F021B17359EE300859A35 /* SVArtistsViewController.xib */; };
		BA0F022B1735B4E600859A35 /* SVArtistsDetailViewController.m in Sources */ = {isa = PBXBuildFile; fileRef = BA0F02291735B4E600859A35 /* SVArtistsDetailViewController.m */; };
		BA0F022C1735B4E600859A35 /* SVArtistsDetailViewController.xib in Resources */ = {isa = PBXBuildFile; fileRef = BA0F022A1735B4E600859A35 /* SVArtistsDetailViewController.xib */; };
		BA0F022F1735C01400859A35 /* Mike Marshall-0.jpg in Resources */ = {isa = PBXBuildFile; fileRef = BA0F022E1735C01400859A35 /* Mike Marshall-0.jpg */; };
		BA0F02311735C93100859A35 /* Lee Patterson-0.jpg in Resources */ = {isa = PBXBuildFile; fileRef = BA0F02301735C93100859A35 /* Lee Patterson-0.jpg */; };
		BA0F02331735C9E100859A35 /* Mike Marshall-avt.jpg in Resources */ = {isa = PBXBuildFile; fileRef = BA0F02321735C9E100859A35 /* Mike Marshall-avt.jpg */; };
		BA0F02351735CAB900859A35 /* Lee Patterson-avt.jpg in Resources */ = {isa = PBXBuildFile; fileRef = BA0F02341735CAB900859A35 /* Lee Patterson-avt.jpg */; };
		BA0F02371735CBF600859A35 /* London Fieldworks-avt.jpg in Resources */ = {isa = PBXBuildFile; fileRef = BA0F02361735CBF600859A35 /* London Fieldworks-avt.jpg */; };
		BA0F02391735CCA900859A35 /* Bethan Huws-avt.jpg in Resources */ = {isa = PBXBuildFile; fileRef = BA0F02381735CCA900859A35 /* Bethan Huws-avt.jpg */; };
		BA0F023B1735CDDD00859A35 /* London Fieldworks-0.jpg in Resources */ = {isa = PBXBuildFile; fileRef = BA0F023A1735CDDD00859A35 /* London Fieldworks-0.jpg */; };
		BA0F023D1735CE8400859A35 /* Bethan Huws-0.jpg in Resources */ = {isa = PBXBuildFile; fileRef = BA0F023C1735CE8300859A35 /* Bethan Huws-0.jpg */; };
		BA0F023F1735D0A100859A35 /* Edward Chell-avt.jpg in Resources */ = {isa = PBXBuildFile; fileRef = BA0F023E1735D0A100859A35 /* Edward Chell-avt.jpg */; };
		BA0F02411735D0B500859A35 /* Edward Chell-0.jpg in Resources */ = {isa = PBXBuildFile; fileRef = BA0F02401735D0B500859A35 /* Edward Chell-0.jpg */; };
		BA0F02431735D1CB00859A35 /* Methew King-avt.jpg in Resources */ = {isa = PBXBuildFile; fileRef = BA0F02421735D1CB00859A35 /* Methew King-avt.jpg */; };
		BA0F02451735D23A00859A35 /* Methew King-0.jpg in Resources */ = {isa = PBXBuildFile; fileRef = BA0F02441735D23A00859A35 /* Methew King-0.jpg */; };
		BA0F02471735D32E00859A35 /* Christopher Jones-0.jpg in Resources */ = {isa = PBXBuildFile; fileRef = BA0F02461735D32E00859A35 /* Christopher Jones-0.jpg */; };
		BA0F024B1735D3DB00859A35 /* Jem Finer-avt.jpg in Resources */ = {isa = PBXBuildFile; fileRef = BA0F024A1735D3DB00859A35 /* Jem Finer-avt.jpg */; };
		BA0F024D1735D3EA00859A35 /* Jem Finer-0.jpg in Resources */ = {isa = PBXBuildFile; fileRef = BA0F024C1735D3EA00859A35 /* Jem Finer-0.jpg */; };
		BA0F024F1735D47A00859A35 /* Christopher Jones-avt.jpg in Resources */ = {isa = PBXBuildFile; fileRef = BA0F024E1735D47800859A35 /* Christopher Jones-avt.jpg */; };
		BA0F02511735D52400859A35 /* Jacques Nimki-0.jpg in Resources */ = {isa = PBXBuildFile; fileRef = BA0F02501735D52400859A35 /* Jacques Nimki-0.jpg */; };
		BA0F02531735D54D00859A35 /* Jacques Nimki-avt.jpg in Resources */ = {isa = PBXBuildFile; fileRef = BA0F02521735D54C00859A35 /* Jacques Nimki-avt.jpg */; };
		BA0F02551735D66900859A35 /* Peter Fillingham-avt.jpg in Resources */ = {isa = PBXBuildFile; fileRef = BA0F02541735D66900859A35 /* Peter Fillingham-avt.jpg */; };
		BA0F02571735D6A400859A35 /* Peter Fillingham-0.jpg in Resources */ = {isa = PBXBuildFile; fileRef = BA0F02561735D6A300859A35 /* Peter Fillingham-0.jpg */; };
		BA0F02591735D76C00859A35 /* Emily Richardson-avt.jpg in Resources */ = {isa = PBXBuildFile; fileRef = BA0F02581735D76B00859A35 /* Emily Richardson-avt.jpg */; };
		BA0F025B1735D77C00859A35 /* Emily Richardson-0.jpg in Resources */ = {isa = PBXBuildFile; fileRef = BA0F025A1735D77C00859A35 /* Emily Richardson-0.jpg */; };
		BA0F025D1735D8A100859A35 /* Edwina FitzPatrick-avt.jpg in Resources */ = {isa = PBXBuildFile; fileRef = BA0F025C1735D8A100859A35 /* Edwina FitzPatrick-avt.jpg */; };
		BA0F025F1735D8EE00859A35 /* Edwina FitzPatrick-0.jpg in Resources */ = {isa = PBXBuildFile; fileRef = BA0F025E1735D8ED00859A35 /* Edwina FitzPatrick-0.jpg */; };
		BA0F02611735D9C500859A35 /* Rosie Leventon-avt.jpg in Resources */ = {isa = PBXBuildFile; fileRef = BA0F02601735D9C400859A35 /* Rosie Leventon-avt.jpg */; };
		BA0F02631735D9E000859A35 /* Rosie Leventon-0.jpg in Resources */ = {isa = PBXBuildFile; fileRef = BA0F02621735D9DF00859A35 /* Rosie Leventon-0.jpg */; };
		BA0F02651735DAAF00859A35 /* Lukasz Skapski-avt.jpg in Resources */ = {isa = PBXBuildFile; fileRef = BA0F02641735DAAE00859A35 /* Lukasz Skapski-avt.jpg */; };
		BA0F02671735DAEF00859A35 /* Lukasz Skapski-0.jpg in Resources */ = {isa = PBXBuildFile; fileRef = BA0F02661735DAEE00859A35 /* Lukasz Skapski-0.jpg */; };
		BA0F026B1735DE0500859A35 /* Richard Harris-avt.jpg in Resources */ = {isa = PBXBuildFile; fileRef = BA0F026A1735DE0500859A35 /* Richard Harris-avt.jpg */; };
		BA0F026D1735DE1A00859A35 /* Richard Harris-0.jpg in Resources */ = {isa = PBXBuildFile; fileRef = BA0F026C1735DE1800859A35 /* Richard Harris-0.jpg */; };
		BA0F026F1735E13900859A35 /* Richard Harris-1.jpg in Resources */ = {isa = PBXBuildFile; fileRef = BA0F026E1735E13800859A35 /* Richard Harris-1.jpg */; };
		BA0F02711735E1A800859A35 /* Richard Harris-2.jpg in Resources */ = {isa = PBXBuildFile; fileRef = BA0F02701735E1A600859A35 /* Richard Harris-2.jpg */; };
		BA0F02731735E1AD00859A35 /* Richard Harris-3.jpg in Resources */ = {isa = PBXBuildFile; fileRef = BA0F02721735E1AC00859A35 /* Richard Harris-3.jpg */; };
		BA0F02751735E1BA00859A35 /* Richard Harris-4.jpg in Resources */ = {isa = PBXBuildFile; fileRef = BA0F02741735E1B900859A35 /* Richard Harris-4.jpg */; };
		BA0F02771735E26600859A35 /* Lukasz Skapski-2.jpg in Resources */ = {isa = PBXBuildFile; fileRef = BA0F02761735E26500859A35 /* Lukasz Skapski-2.jpg */; };
		BA0F02791735E28400859A35 /* Lukasz Skapski-1.jpg in Resources */ = {isa = PBXBuildFile; fileRef = BA0F02781735E28200859A35 /* Lukasz Skapski-1.jpg */; };
		BA0F027B1735E28E00859A35 /* Lukasz Skapski-3.jpg in Resources */ = {isa = PBXBuildFile; fileRef = BA0F027A1735E28C00859A35 /* Lukasz Skapski-3.jpg */; };
		BA0F027D1735E31E00859A35 /* Rosie Leventon-2.jpg in Resources */ = {isa = PBXBuildFile; fileRef = BA0F027C1735E31B00859A35 /* Rosie Leventon-2.jpg */; };
		BA0F027F1735E33000859A35 /* Rosie Leventon-1.jpg in Resources */ = {isa = PBXBuildFile; fileRef = BA0F027E1735E32E00859A35 /* Rosie Leventon-1.jpg */; };
		BA0F02811735E35900859A35 /* Rosie Leventon-3.jpg in Resources */ = {isa = PBXBuildFile; fileRef = BA0F02801735E35700859A35 /* Rosie Leventon-3.jpg */; };
		BA0F02831735E37400859A35 /* Rosie Leventon-4.jpg in Resources */ = {isa = PBXBuildFile; fileRef = BA0F02821735E37100859A35 /* Rosie Leventon-4.jpg */; };
		BA0F02851735E3EA00859A35 /* Edwina FitzPatrick-1.jpg in Resources */ = {isa = PBXBuildFile; fileRef = BA0F02841735E3E700859A35 /* Edwina FitzPatrick-1.jpg */; };
		BA0F02871735E44800859A35 /* Edwina FitzPatrick-2.jpg in Resources */ = {isa = PBXBuildFile; fileRef = BA0F02861735E44600859A35 /* Edwina FitzPatrick-2.jpg */; };
		BA0F02891735E48D00859A35 /* Edwina FitzPatrick-3.jpg in Resources */ = {isa = PBXBuildFile; fileRef = BA0F02881735E48B00859A35 /* Edwina FitzPatrick-3.jpg */; };
		BA0F028B1735E4EE00859A35 /* Emily Richardson-1.jpg in Resources */ = {isa = PBXBuildFile; fileRef = BA0F028A1735E4EB00859A35 /* Emily Richardson-1.jpg */; };
		BA0F028D1735E4F700859A35 /* Emily Richardson-2.jpg in Resources */ = {isa = PBXBuildFile; fileRef = BA0F028C1735E4F400859A35 /* Emily Richardson-2.jpg */; };
		BA0F028F1735E58900859A35 /* Peter Fillingham-1.jpg in Resources */ = {isa = PBXBuildFile; fileRef = BA0F028E1735E58700859A35 /* Peter Fillingham-1.jpg */; };
		BA0F02911735E6DF00859A35 /* Jem Finer-1.jpg in Resources */ = {isa = PBXBuildFile; fileRef = BA0F02901735E6DC00859A35 /* Jem Finer-1.jpg */; };
		BA0F02931735E6E800859A35 /* Jem Finer-2.jpg in Resources */ = {isa = PBXBuildFile; fileRef = BA0F02921735E6E500859A35 /* Jem Finer-2.jpg */; };
		BA0F02951735E78B00859A35 /* Jem Finer-3.jpg in Resources */ = {isa = PBXBuildFile; fileRef = BA0F02941735E78700859A35 /* Jem Finer-3.jpg */; };
		BA0F02971735E79200859A35 /* Jem Finer-4.jpg in Resources */ = {isa = PBXBuildFile; fileRef = BA0F02961735E78F00859A35 /* Jem Finer-4.jpg */; };
		BA0F02991735E7CD00859A35 /* Christopher Jones-2.jpg in Resources */ = {isa = PBXBuildFile; fileRef = BA0F02981735E7C900859A35 /* Christopher Jones-2.jpg */; };
		BA0F029B1735E7D800859A35 /* Christopher Jones-1.jpg in Resources */ = {isa = PBXBuildFile; fileRef = BA0F029A1735E7D400859A35 /* Christopher Jones-1.jpg */; };
		BA0F029D1735E7DF00859A35 /* Christopher Jones-3.jpg in Resources */ = {isa = PBXBuildFile; fileRef = BA0F029C1735E7DB00859A35 /* Christopher Jones-3.jpg */; };
		BA0F029F1735E84A00859A35 /* Christopher Jones-4.jpg in Resources */ = {isa = PBXBuildFile; fileRef = BA0F029E1735E84600859A35 /* Christopher Jones-4.jpg */; };
		BA0F02A11735E8C000859A35 /* Methew King-1.jpg in Resources */ = {isa = PBXBuildFile; fileRef = BA0F02A01735E8BC00859A35 /* Methew King-1.jpg */; };
		BA0F02A31735E8CB00859A35 /* Methew King-2.jpg in Resources */ = {isa = PBXBuildFile; fileRef = BA0F02A21735E8C700859A35 /* Methew King-2.jpg */; };
		BA0F02A51735E8D700859A35 /* Methew King-3.jpg in Resources */ = {isa = PBXBuildFile; fileRef = BA0F02A41735E8D300859A35 /* Methew King-3.jpg */; };
		BA0F02A71735E8E100859A35 /* Methew King-4.jpg in Resources */ = {isa = PBXBuildFile; fileRef = BA0F02A61735E8DE00859A35 /* Methew King-4.jpg */; };
		BA0F02A91735E94900859A35 /* Edward Chell-1.jpg in Resources */ = {isa = PBXBuildFile; fileRef = BA0F02A81735E94500859A35 /* Edward Chell-1.jpg */; };
		BA0F02AB1735E95500859A35 /* Edward Chell-2.jpg in Resources */ = {isa = PBXBuildFile; fileRef = BA0F02AA1735E95000859A35 /* Edward Chell-2.jpg */; };
		BA0F02AE1735EAA100859A35 /* Lee Patterson-1.jpg in Resources */ = {isa = PBXBuildFile; fileRef = BA0F02AC1735EA9800859A35 /* Lee Patterson-1.jpg */; };
		BA0F02AF1735EAA100859A35 /* Lee Patterson-2.jpg in Resources */ = {isa = PBXBuildFile; fileRef = BA0F02AD1735EA9D00859A35 /* Lee Patterson-2.jpg */; };
		BA0F02B11735EAC900859A35 /* Lee Patterson-4.jpg in Resources */ = {isa = PBXBuildFile; fileRef = BA0F02B01735EAC400859A35 /* Lee Patterson-4.jpg */; };
		BA0F02B31735EAD100859A35 /* Lee Patterson-3.jpg in Resources */ = {isa = PBXBuildFile; fileRef = BA0F02B21735EACC00859A35 /* Lee Patterson-3.jpg */; };
		BA0F02B51735EB3800859A35 /* Mike Marshall-1.jpg in Resources */ = {isa = PBXBuildFile; fileRef = BA0F02B41735EB3200859A35 /* Mike Marshall-1.jpg */; };
		BA0F02B71735EB4100859A35 /* Mike Marshall-3.jpg in Resources */ = {isa = PBXBuildFile; fileRef = BA0F02B61735EB3C00859A35 /* Mike Marshall-3.jpg */; };
		BA0F02B91735EB4B00859A35 /* Mike Marshall-2.jpg in Resources */ = {isa = PBXBuildFile; fileRef = BA0F02B81735EB4300859A35 /* Mike Marshall-2.jpg */; };
		BA0F02BB1735EC0700859A35 /* London Fieldworks-2.jpg in Resources */ = {isa = PBXBuildFile; fileRef = BA0F02BA1735EC0200859A35 /* London Fieldworks-2.jpg */; };
		BA0F02BD1735EC1300859A35 /* London Fieldworks-1.jpg in Resources */ = {isa = PBXBuildFile; fileRef = BA0F02BC1735EC0D00859A35 /* London Fieldworks-1.jpg */; };
		BA0F02BF1735EC9600859A35 /* London Fieldworks-3.jpg in Resources */ = {isa = PBXBuildFile; fileRef = BA0F02BE1735EC9000859A35 /* London Fieldworks-3.jpg */; };
		BA0F02C11735ECED00859A35 /* Bethan Huws-1.jpg in Resources */ = {isa = PBXBuildFile; fileRef = BA0F02C01735ECE500859A35 /* Bethan Huws-1.jpg */; };
		BA0F02C31735ED0D00859A35 /* Bethan Huws-2.jpg in Resources */ = {isa = PBXBuildFile; fileRef = BA0F02C21735ED0600859A35 /* Bethan Huws-2.jpg */; };
		BA0F02C51735ED2400859A35 /* Bethan Huws-3.jpg in Resources */ = {isa = PBXBuildFile; fileRef = BA0F02C41735ED1D00859A35 /* Bethan Huws-3.jpg */; };
		BA641F1117295AAD007F7E3A /* Artist.m in Sources */ = {isa = PBXBuildFile; fileRef = BA641F1017295AAD007F7E3A /* Artist.m */; };
		BA641F1417295AF7007F7E3A /* ArtistDataModel.m in Sources */ = {isa = PBXBuildFile; fileRef = BA641F1317295AF7007F7E3A /* ArtistDataModel.m */; };
		BAA1FC501724B25800E166B6 /* EventDataModel.m in Sources */ = {isa = PBXBuildFile; fileRef = BAA1FC4F1724B25800E166B6 /* EventDataModel.m */; };
		BAA1FC531724BCA400E166B6 /* SVEventsViewController.m in Sources */ = {isa = PBXBuildFile; fileRef = BAA1FC521724BCA400E166B6 /* SVEventsViewController.m */; };
		BAA1FCAC1725D36E00E166B6 /* Event.m in Sources */ = {isa = PBXBuildFile; fileRef = BAA1FCAB1725D36E00E166B6 /* Event.m */; };
		BAA1FCB21725D84000E166B6 /* tableCell.m in Sources */ = {isa = PBXBuildFile; fileRef = BAA1FCB01725D84000E166B6 /* tableCell.m */; };
		BAA1FCB31725D84000E166B6 /* tablecell.xib in Resources */ = {isa = PBXBuildFile; fileRef = BAA1FCB11725D84000E166B6 /* tablecell.xib */; };
		BAA1FCB61725D88000E166B6 /* imageTableCell.m in Sources */ = {isa = PBXBuildFile; fileRef = BAA1FCB51725D88000E166B6 /* imageTableCell.m */; };
		BAA1FCBD1725DAE700E166B6 /* EventMenuCell.xib in Resources */ = {isa = PBXBuildFile; fileRef = BAA1FCBC1725DAE600E166B6 /* EventMenuCell.xib */; };
		BAA1FCC01725DB6F00E166B6 /* EventMenuCell.m in Sources */ = {isa = PBXBuildFile; fileRef = BAA1FCBF1725DB6F00E166B6 /* EventMenuCell.m */; };
		BAA1FCC51725DD4A00E166B6 /* imageCollectionView.m in Sources */ = {isa = PBXBuildFile; fileRef = BAA1FCC41725DD4A00E166B6 /* imageCollectionView.m */; };
		BAA1FCC91725DD8400E166B6 /* cellectionCell.m in Sources */ = {isa = PBXBuildFile; fileRef = BAA1FCC71725DD8400E166B6 /* cellectionCell.m */; };
		BAA1FCCA1725DD8400E166B6 /* collectionCell.xib in Resources */ = {isa = PBXBuildFile; fileRef = BAA1FCC81725DD8400E166B6 /* collectionCell.xib */; };
		BAA1FCCD1725DDA900E166B6 /* imagesLayout.m in Sources */ = {isa = PBXBuildFile; fileRef = BAA1FCCC1725DDA900E166B6 /* imagesLayout.m */; };
		BAA1FCD01725E1FA00E166B6 /* bookingIcon.png in Resources */ = {isa = PBXBuildFile; fileRef = BAA1FCCE1725E1FA00E166B6 /* bookingIcon.png */; };
		BAA1FCD11725E1FA00E166B6 /* bookingIcon@2x.png in Resources */ = {isa = PBXBuildFile; fileRef = BAA1FCCF1725E1FA00E166B6 /* bookingIcon@2x.png */; };
		BAA1FCD91725E22100E166B6 /* directionIcon.png in Resources */ = {isa = PBXBuildFile; fileRef = BAA1FCD21725E22100E166B6 /* directionIcon.png */; };
		BAA1FCDA1725E22100E166B6 /* directionIcon@2x.png in Resources */ = {isa = PBXBuildFile; fileRef = BAA1FCD31725E22100E166B6 /* directionIcon@2x.png */; };
		BAA1FCDB1725E22100E166B6 /* event-default.jpg in Resources */ = {isa = PBXBuildFile; fileRef = BAA1FCD41725E22100E166B6 /* event-default.jpg */; };
		BAA1FCDC1725E22100E166B6 /* event1-0.jpg in Resources */ = {isa = PBXBuildFile; fileRef = BAA1FCD51725E22100E166B6 /* event1-0.jpg */; };
		BAA1FCDD1725E22100E166B6 /* event1-1.jpg in Resources */ = {isa = PBXBuildFile; fileRef = BAA1FCD61725E22100E166B6 /* event1-1.jpg */; };
		BAA1FCE21725E28600E166B6 /* svaavatar.png in Resources */ = {isa = PBXBuildFile; fileRef = BAA1FCE01725E28600E166B6 /* svaavatar.png */; };
		BAA1FCE31725E28600E166B6 /* svaavatar@2x.png in Resources */ = {isa = PBXBuildFile; fileRef = BAA1FCE11725E28600E166B6 /* svaavatar@2x.png */; };
		BAA1FD501726076900E166B6 /* about_view.png in Resources */ = {isa = PBXBuildFile; fileRef = BAA1FD461726076900E166B6 /* about_view.png */; };
		BAA1FD511726076900E166B6 /* about_view@2x.png in Resources */ = {isa = PBXBuildFile; fileRef = BAA1FD471726076900E166B6 /* about_view@2x.png */; };
		BAA1FD5B172609D500E166B6 /* QuartzCore.framework in Frameworks */ = {isa = PBXBuildFile; fileRef = BAA1FD5A172609D500E166B6 /* QuartzCore.framework */; };
		BAD56CB817273EC8002F5757 /* ArtInstallation.m in Sources */ = {isa = PBXBuildFile; fileRef = BAD56CB717273EC8002F5757 /* ArtInstallation.m */; };
		BAD56CBE172742AC002F5757 /* ArtInstallationDataModel.m in Sources */ = {isa = PBXBuildFile; fileRef = BAD56CBD172742AC002F5757 /* ArtInstallationDataModel.m */; };
		BAD56D6C1728A79A002F5757 /* AboutCollectionCell.m in Sources */ = {isa = PBXBuildFile; fileRef = BAD56D6B1728A79A002F5757 /* AboutCollectionCell.m */; };
		BAD56D6F1728A928002F5757 /* AboutLayout.m in Sources */ = {isa = PBXBuildFile; fileRef = BAD56D6E1728A928002F5757 /* AboutLayout.m */; };
		BAD56D731728AB2C002F5757 /* DetailCell.m in Sources */ = {isa = PBXBuildFile; fileRef = BAD56D711728AB2C002F5757 /* DetailCell.m */; };
		BAD56D741728AB2C002F5757 /* DetailCell.xib in Resources */ = {isa = PBXBuildFile; fileRef = BAD56D721728AB2C002F5757 /* DetailCell.xib */; };
		BAD56D771728AB90002F5757 /* socailMenuCell.m in Sources */ = {isa = PBXBuildFile; fileRef = BAD56D761728AB90002F5757 /* socailMenuCell.m */; };
		BAD56D791728ADAE002F5757 /* AboutMenuCell.xib in Resources */ = {isa = PBXBuildFile; fileRef = BAD56D781728ADAE002F5757 /* AboutMenuCell.xib */; };
		BAD56D7C1728ADF6002F5757 /* AboutMenuCell.m in Sources */ = {isa = PBXBuildFile; fileRef = BAD56D7B1728ADF5002F5757 /* AboutMenuCell.m */; };
		BAD56D851728CBB2002F5757 /* SVAWebView.m in Sources */ = {isa = PBXBuildFile; fileRef = BAD56D831728CBB1002F5757 /* SVAWebView.m */; };
		BAD56D861728CBB2002F5757 /* SVAWebView.xib in Resources */ = {isa = PBXBuildFile; fileRef = BAD56D841728CBB1002F5757 /* SVAWebView.xib */; };
		BAF5E3F0173430F100D0E44A /* facebook.png in Resources */ = {isa = PBXBuildFile; fileRef = BAF5E3EA173430F100D0E44A /* facebook.png */; };
		BAF5E3F1173430F100D0E44A /* facebook@2x.png in Resources */ = {isa = PBXBuildFile; fileRef = BAF5E3EB173430F100D0E44A /* facebook@2x.png */; };
		BAF5E3F2173430F100D0E44A /* soundcloud.png in Resources */ = {isa = PBXBuildFile; fileRef = BAF5E3EC173430F100D0E44A /* soundcloud.png */; };
		BAF5E3F3173430F100D0E44A /* soundcloud@2x.png in Resources */ = {isa = PBXBuildFile; fileRef = BAF5E3ED173430F100D0E44A /* soundcloud@2x.png */; };
		BAF5E3F4173430F100D0E44A /* vimeo.png in Resources */ = {isa = PBXBuildFile; fileRef = BAF5E3EE173430F100D0E44A /* vimeo.png */; };
		BAF5E3F5173430F100D0E44A /* vimeo@2x.png in Resources */ = {isa = PBXBuildFile; fileRef = BAF5E3EF173430F100D0E44A /* vimeo@2x.png */; };
		BAF5E40217343D7E00D0E44A /* phone.png in Resources */ = {isa = PBXBuildFile; fileRef = BAF5E40017343D7D00D0E44A /* phone.png */; };
		BAF5E40317343D7E00D0E44A /* phone@2x.png in Resources */ = {isa = PBXBuildFile; fileRef = BAF5E40117343D7D00D0E44A /* phone@2x.png */; };
		BAF5E41617345F2900D0E44A /* svabanner.png in Resources */ = {isa = PBXBuildFile; fileRef = BAF5E41417345F2900D0E44A /* svabanner.png */; };
		BAF5E41717345F2900D0E44A /* svabanner@2x.png in Resources */ = {isa = PBXBuildFile; fileRef = BAF5E41517345F2900D0E44A /* svabanner@2x.png */; };
		BAF5E41917349C5C00D0E44A /* event0-0.jpg in Resources */ = {isa = PBXBuildFile; fileRef = BAF5E41817349C5C00D0E44A /* event0-0.jpg */; };
		BAF5E4201734A04100D0E44A /* event0-3.jpg in Resources */ = {isa = PBXBuildFile; fileRef = BAF5E41C1734A04100D0E44A /* event0-3.jpg */; };
		BAF5E4211734A04100D0E44A /* event0-4.jpg in Resources */ = {isa = PBXBuildFile; fileRef = BAF5E41D1734A04100D0E44A /* event0-4.jpg */; };
		BAF5E4231734A08800D0E44A /* event1-2.jpeg in Resources */ = {isa = PBXBuildFile; fileRef = BAF5E4221734A08600D0E44A /* event1-2.jpeg */; };
		BAF5E4251734A1AA00D0E44A /* event0-1.jpg in Resources */ = {isa = PBXBuildFile; fileRef = BAF5E4241734A1AA00D0E44A /* event0-1.jpg */; };
		BAF5E4271734A1B600D0E44A /* event0-2.jpg in Resources */ = {isa = PBXBuildFile; fileRef = BAF5E4261734A1B500D0E44A /* event0-2.jpg */; };
		BAF5E4291734ACA200D0E44A /* icon57.png in Resources */ = {isa = PBXBuildFile; fileRef = BAF5E4281734ACA100D0E44A /* icon57.png */; };
		BAF5E42B1734ACCB00D0E44A /* icon114.png in Resources */ = {isa = PBXBuildFile; fileRef = BAF5E42A1734ACCA00D0E44A /* icon114.png */; };
		BAFAE150172DB71F00E09C35 /* SVAEventDetailViewController.m in Sources */ = {isa = PBXBuildFile; fileRef = BAFAE14E172DB71F00E09C35 /* SVAEventDetailViewController.m */; };
		BAFAE151172DB71F00E09C35 /* SVAEventDetailViewController.xib in Resources */ = {isa = PBXBuildFile; fileRef = BAFAE14F172DB71F00E09C35 /* SVAEventDetailViewController.xib */; };
		BAFAE155172DBE6E00E09C35 /* EventCell.m in Sources */ = {isa = PBXBuildFile; fileRef = BAFAE154172DBE6E00E09C35 /* EventCell.m */; };
		BAFAE157172DBED400E09C35 /* EventCell.xib in Resources */ = {isa = PBXBuildFile; fileRef = BAFAE156172DBED400E09C35 /* EventCell.xib */; };
		BAFAE15A172DBFAF00E09C35 /* EventLayout.m in Sources */ = {isa = PBXBuildFile; fileRef = BAFAE159172DBFAF00E09C35 /* EventLayout.m */; };
		BAFAE15C172DE0BD00E09C35 /* event2-1.jpg in Resources */ = {isa = PBXBuildFile; fileRef = BAFAE15B172DE0BD00E09C35 /* event2-1.jpg */; };
/* End PBXBuildFile section */

/* Begin PBXFileReference section */
		7F0C3E4A1720BC5100C28B59 /* libsqlite3.dylib */ = {isa = PBXFileReference; lastKnownFileType = "compiled.mach-o.dylib"; name = libsqlite3.dylib; path = usr/lib/libsqlite3.dylib; sourceTree = SDKROOT; };
		7F0C3E4C1720BC5900C28B59 /* libz.dylib */ = {isa = PBXFileReference; lastKnownFileType = "compiled.mach-o.dylib"; name = libz.dylib; path = usr/lib/libz.dylib; sourceTree = SDKROOT; };
		7F0C3E5C1720BDC600C28B59 /* libProj4.a */ = {isa = PBXFileReference; lastKnownFileType = archive.ar; name = libProj4.a; path = Pods/MapBox/Proj4/libProj4.a; sourceTree = "<group>"; };
		7F0C3E5E1720BDF000C28B59 /* SVMapboxViewController.h */ = {isa = PBXFileReference; fileEncoding = 4; lastKnownFileType = sourcecode.c.h; path = SVMapboxViewController.h; sourceTree = "<group>"; };
		7F0C3E5F1720BDF000C28B59 /* SVMapboxViewController.m */ = {isa = PBXFileReference; fileEncoding = 4; lastKnownFileType = sourcecode.c.objc; path = SVMapboxViewController.m; sourceTree = "<group>"; };
		7F109E401700B6A6008C0048 /* CoreData.framework */ = {isa = PBXFileReference; lastKnownFileType = wrapper.framework; name = CoreData.framework; path = System/Library/Frameworks/CoreData.framework; sourceTree = SDKROOT; };
		7F109E431700B716008C0048 /* Stourvalley.xcdatamodel */ = {isa = PBXFileReference; lastKnownFileType = wrapper.xcdatamodel; path = Stourvalley.xcdatamodel; sourceTree = "<group>"; };
		7F1DFD691733AB5600B1C860 /* menu-bg.png */ = {isa = PBXFileReference; lastKnownFileType = image.png; path = "menu-bg.png"; sourceTree = "<group>"; };
		7F1DFD6A1733AB5600B1C860 /* menu-bg@2x.png */ = {isa = PBXFileReference; lastKnownFileType = image.png; path = "menu-bg@2x.png"; sourceTree = "<group>"; };
		7F1DFD6F1733BC9C00B1C860 /* SVMenuCell.xib */ = {isa = PBXFileReference; fileEncoding = 4; lastKnownFileType = file.xib; path = SVMenuCell.xib; sourceTree = "<group>"; };
		7F1F629616EE4DBA00018974 /* stourvalley.app */ = {isa = PBXFileReference; explicitFileType = wrapper.application; includeInIndex = 0; path = stourvalley.app; sourceTree = BUILT_PRODUCTS_DIR; };
		7F1F629916EE4DBA00018974 /* UIKit.framework */ = {isa = PBXFileReference; lastKnownFileType = wrapper.framework; name = UIKit.framework; path = System/Library/Frameworks/UIKit.framework; sourceTree = SDKROOT; };
		7F1F629B16EE4DBA00018974 /* Foundation.framework */ = {isa = PBXFileReference; lastKnownFileType = wrapper.framework; name = Foundation.framework; path = System/Library/Frameworks/Foundation.framework; sourceTree = SDKROOT; };
		7F1F629D16EE4DBA00018974 /* CoreGraphics.framework */ = {isa = PBXFileReference; lastKnownFileType = wrapper.framework; name = CoreGraphics.framework; path = System/Library/Frameworks/CoreGraphics.framework; sourceTree = SDKROOT; };
		7F1F62A116EE4DBA00018974 /* stourvalley-Info.plist */ = {isa = PBXFileReference; lastKnownFileType = text.plist.xml; path = "stourvalley-Info.plist"; sourceTree = "<group>"; };
		7F1F62A316EE4DBA00018974 /* en */ = {isa = PBXFileReference; lastKnownFileType = text.plist.strings; name = en; path = en.lproj/InfoPlist.strings; sourceTree = "<group>"; };
		7F1F62A516EE4DBA00018974 /* main.m */ = {isa = PBXFileReference; lastKnownFileType = sourcecode.c.objc; path = main.m; sourceTree = "<group>"; };
		7F1F62A716EE4DBA00018974 /* stourvalley-Prefix.pch */ = {isa = PBXFileReference; lastKnownFileType = sourcecode.c.h; path = "stourvalley-Prefix.pch"; sourceTree = "<group>"; };
		7F1F62A816EE4DBA00018974 /* SVAppDelegate.h */ = {isa = PBXFileReference; lastKnownFileType = sourcecode.c.h; path = SVAppDelegate.h; sourceTree = "<group>"; };
		7F1F62A916EE4DBA00018974 /* SVAppDelegate.m */ = {isa = PBXFileReference; lastKnownFileType = sourcecode.c.objc; path = SVAppDelegate.m; sourceTree = "<group>"; };
		7F1F62AB16EE4DBA00018974 /* Default.png */ = {isa = PBXFileReference; lastKnownFileType = image.png; path = Default.png; sourceTree = "<group>"; };
		7F1F62AD16EE4DBA00018974 /* Default@2x.png */ = {isa = PBXFileReference; lastKnownFileType = image.png; path = "Default@2x.png"; sourceTree = "<group>"; };
		7F1F62AF16EE4DBA00018974 /* Default-568h@2x.png */ = {isa = PBXFileReference; lastKnownFileType = image.png; path = "Default-568h@2x.png"; sourceTree = "<group>"; };
		7F1F62FB16EF668300018974 /* SVAboutViewController.h */ = {isa = PBXFileReference; fileEncoding = 4; lastKnownFileType = sourcecode.c.h; path = SVAboutViewController.h; sourceTree = "<group>"; };
		7F1F62FC16EF668300018974 /* SVAboutViewController.m */ = {isa = PBXFileReference; fileEncoding = 4; lastKnownFileType = sourcecode.c.objc; path = SVAboutViewController.m; sourceTree = "<group>"; };
		7F1F62FD16EF668300018974 /* SVAboutViewController.xib */ = {isa = PBXFileReference; fileEncoding = 4; lastKnownFileType = file.xib; path = SVAboutViewController.xib; sourceTree = "<group>"; };
		7F1F630216EF66BF00018974 /* SVMapViewController.h */ = {isa = PBXFileReference; fileEncoding = 4; lastKnownFileType = sourcecode.c.h; path = SVMapViewController.h; sourceTree = "<group>"; };
		7F1F630316EF66BF00018974 /* SVMapViewController.m */ = {isa = PBXFileReference; fileEncoding = 4; lastKnownFileType = sourcecode.c.objc; path = SVMapViewController.m; sourceTree = "<group>"; };
		7F1F630416EF66BF00018974 /* SVMapViewController.xib */ = {isa = PBXFileReference; fileEncoding = 4; lastKnownFileType = file.xib; path = SVMapViewController.xib; sourceTree = "<group>"; };
		7F1F630916EF66CB00018974 /* SVEventsViewController.xib */ = {isa = PBXFileReference; fileEncoding = 4; lastKnownFileType = file.xib; path = SVEventsViewController.xib; sourceTree = "<group>"; };
		7F3C5B181730182A00793A2D /* navbar.jpg */ = {isa = PBXFileReference; lastKnownFileType = image.jpeg; path = navbar.jpg; sourceTree = "<group>"; };
		7F3C5B191730182A00793A2D /* navbar@2x.jpg */ = {isa = PBXFileReference; lastKnownFileType = image.jpeg; path = "navbar@2x.jpg"; sourceTree = "<group>"; };
		7F9C50FA16F7210500BAD5F7 /* SVMenuViewController.h */ = {isa = PBXFileReference; fileEncoding = 4; lastKnownFileType = sourcecode.c.h; path = SVMenuViewController.h; sourceTree = "<group>"; };
		7F9C50FB16F7210500BAD5F7 /* SVMenuViewController.m */ = {isa = PBXFileReference; fileEncoding = 4; lastKnownFileType = sourcecode.c.objc; path = SVMenuViewController.m; sourceTree = "<group>"; };
		7F9C510516F725B800BAD5F7 /* list.png */ = {isa = PBXFileReference; lastKnownFileType = image.png; path = list.png; sourceTree = "<group>"; };
		7F9C510616F725B800BAD5F7 /* list@2x.png */ = {isa = PBXFileReference; lastKnownFileType = image.png; path = "list@2x.png"; sourceTree = "<group>"; };
		7F9C510C16F7275D00BAD5F7 /* SVMenuCell.h */ = {isa = PBXFileReference; fileEncoding = 4; lastKnownFileType = sourcecode.c.h; path = SVMenuCell.h; sourceTree = "<group>"; };
		7F9C510D16F7275D00BAD5F7 /* SVMenuCell.m */ = {isa = PBXFileReference; fileEncoding = 4; lastKnownFileType = sourcecode.c.objc; path = SVMenuCell.m; sourceTree = "<group>"; };
		7F9C510F16F74B6D00BAD5F7 /* MapKit.framework */ = {isa = PBXFileReference; lastKnownFileType = wrapper.framework; name = MapKit.framework; path = System/Library/Frameworks/MapKit.framework; sourceTree = SDKROOT; };
		7F9C511116F7679B00BAD5F7 /* CoreLocation.framework */ = {isa = PBXFileReference; lastKnownFileType = wrapper.framework; name = CoreLocation.framework; path = System/Library/Frameworks/CoreLocation.framework; sourceTree = SDKROOT; };
		7FCD9B3D1732C8C40088A654 /* stourvalley3.mbtiles */ = {isa = PBXFileReference; lastKnownFileType = file; path = stourvalley3.mbtiles; sourceTree = "<group>"; };
		BA05A950173311A300927C4F /* event1-3.jpg */ = {isa = PBXFileReference; lastKnownFileType = image.jpeg; path = "event1-3.jpg"; sourceTree = "<group>"; };
		BA05A952173311AA00927C4F /* event1-4.jpg */ = {isa = PBXFileReference; lastKnownFileType = image.jpeg; path = "event1-4.jpg"; sourceTree = "<group>"; };
		BA05A9541733133800927C4F /* event2-3.jpg */ = {isa = PBXFileReference; lastKnownFileType = image.jpeg; path = "event2-3.jpg"; sourceTree = "<group>"; };
		BA05A9561733134600927C4F /* event2-2.jpg */ = {isa = PBXFileReference; lastKnownFileType = image.jpeg; path = "event2-2.jpg"; sourceTree = "<group>"; };
		BA05A9581733134F00927C4F /* event2-4.jpg */ = {isa = PBXFileReference; lastKnownFileType = image.jpeg; path = "event2-4.jpg"; sourceTree = "<group>"; };
		BA0F021917359EE300859A35 /* SVArtistsViewController.h */ = {isa = PBXFileReference; fileEncoding = 4; lastKnownFileType = sourcecode.c.h; path = SVArtistsViewController.h; sourceTree = "<group>"; };
		BA0F021A17359EE300859A35 /* SVArtistsViewController.m */ = {isa = PBXFileReference; fileEncoding = 4; lastKnownFileType = sourcecode.c.objc; path = SVArtistsViewController.m; sourceTree = "<group>"; };
		BA0F021B17359EE300859A35 /* SVArtistsViewController.xib */ = {isa = PBXFileReference; fileEncoding = 4; lastKnownFileType = file.xib; path = SVArtistsViewController.xib; sourceTree = "<group>"; };
		BA0F02281735B4E600859A35 /* SVArtistsDetailViewController.h */ = {isa = PBXFileReference; fileEncoding = 4; lastKnownFileType = sourcecode.c.h; path = SVArtistsDetailViewController.h; sourceTree = "<group>"; };
		BA0F02291735B4E600859A35 /* SVArtistsDetailViewController.m */ = {isa = PBXFileReference; fileEncoding = 4; lastKnownFileType = sourcecode.c.objc; path = SVArtistsDetailViewController.m; sourceTree = "<group>"; };
		BA0F022A1735B4E600859A35 /* SVArtistsDetailViewController.xib */ = {isa = PBXFileReference; fileEncoding = 4; lastKnownFileType = file.xib; path = SVArtistsDetailViewController.xib; sourceTree = "<group>"; };
		BA0F022E1735C01400859A35 /* Mike Marshall-0.jpg */ = {isa = PBXFileReference; lastKnownFileType = image.jpeg; path = "Mike Marshall-0.jpg"; sourceTree = "<group>"; };
		BA0F02301735C93100859A35 /* Lee Patterson-0.jpg */ = {isa = PBXFileReference; lastKnownFileType = image.jpeg; path = "Lee Patterson-0.jpg"; sourceTree = "<group>"; };
		BA0F02321735C9E100859A35 /* Mike Marshall-avt.jpg */ = {isa = PBXFileReference; lastKnownFileType = image.jpeg; path = "Mike Marshall-avt.jpg"; sourceTree = "<group>"; };
		BA0F02341735CAB900859A35 /* Lee Patterson-avt.jpg */ = {isa = PBXFileReference; lastKnownFileType = image.jpeg; path = "Lee Patterson-avt.jpg"; sourceTree = "<group>"; };
		BA0F02361735CBF600859A35 /* London Fieldworks-avt.jpg */ = {isa = PBXFileReference; lastKnownFileType = image.jpeg; path = "London Fieldworks-avt.jpg"; sourceTree = "<group>"; };
		BA0F02381735CCA900859A35 /* Bethan Huws-avt.jpg */ = {isa = PBXFileReference; lastKnownFileType = image.jpeg; path = "Bethan Huws-avt.jpg"; sourceTree = "<group>"; };
		BA0F023A1735CDDD00859A35 /* London Fieldworks-0.jpg */ = {isa = PBXFileReference; lastKnownFileType = image.jpeg; path = "London Fieldworks-0.jpg"; sourceTree = "<group>"; };
		BA0F023C1735CE8300859A35 /* Bethan Huws-0.jpg */ = {isa = PBXFileReference; lastKnownFileType = image.jpeg; path = "Bethan Huws-0.jpg"; sourceTree = "<group>"; };
		BA0F023E1735D0A100859A35 /* Edward Chell-avt.jpg */ = {isa = PBXFileReference; lastKnownFileType = image.jpeg; path = "Edward Chell-avt.jpg"; sourceTree = "<group>"; };
		BA0F02401735D0B500859A35 /* Edward Chell-0.jpg */ = {isa = PBXFileReference; lastKnownFileType = image.jpeg; path = "Edward Chell-0.jpg"; sourceTree = "<group>"; };
		BA0F02421735D1CB00859A35 /* Methew King-avt.jpg */ = {isa = PBXFileReference; lastKnownFileType = image.jpeg; path = "Methew King-avt.jpg"; sourceTree = "<group>"; };
		BA0F02441735D23A00859A35 /* Methew King-0.jpg */ = {isa = PBXFileReference; lastKnownFileType = image.jpeg; path = "Methew King-0.jpg"; sourceTree = "<group>"; };
		BA0F02461735D32E00859A35 /* Christopher Jones-0.jpg */ = {isa = PBXFileReference; lastKnownFileType = image.jpeg; path = "Christopher Jones-0.jpg"; sourceTree = "<group>"; };
		BA0F024A1735D3DB00859A35 /* Jem Finer-avt.jpg */ = {isa = PBXFileReference; lastKnownFileType = image.jpeg; path = "Jem Finer-avt.jpg"; sourceTree = "<group>"; };
		BA0F024C1735D3EA00859A35 /* Jem Finer-0.jpg */ = {isa = PBXFileReference; lastKnownFileType = image.jpeg; path = "Jem Finer-0.jpg"; sourceTree = "<group>"; };
		BA0F024E1735D47800859A35 /* Christopher Jones-avt.jpg */ = {isa = PBXFileReference; lastKnownFileType = image.jpeg; path = "Christopher Jones-avt.jpg"; sourceTree = "<group>"; };
		BA0F02501735D52400859A35 /* Jacques Nimki-0.jpg */ = {isa = PBXFileReference; lastKnownFileType = image.jpeg; path = "Jacques Nimki-0.jpg"; sourceTree = "<group>"; };
		BA0F02521735D54C00859A35 /* Jacques Nimki-avt.jpg */ = {isa = PBXFileReference; lastKnownFileType = image.jpeg; path = "Jacques Nimki-avt.jpg"; sourceTree = "<group>"; };
		BA0F02541735D66900859A35 /* Peter Fillingham-avt.jpg */ = {isa = PBXFileReference; lastKnownFileType = image.jpeg; path = "Peter Fillingham-avt.jpg"; sourceTree = "<group>"; };
		BA0F02561735D6A300859A35 /* Peter Fillingham-0.jpg */ = {isa = PBXFileReference; lastKnownFileType = image.jpeg; path = "Peter Fillingham-0.jpg"; sourceTree = "<group>"; };
		BA0F02581735D76B00859A35 /* Emily Richardson-avt.jpg */ = {isa = PBXFileReference; lastKnownFileType = image.jpeg; path = "Emily Richardson-avt.jpg"; sourceTree = "<group>"; };
		BA0F025A1735D77C00859A35 /* Emily Richardson-0.jpg */ = {isa = PBXFileReference; lastKnownFileType = image.jpeg; path = "Emily Richardson-0.jpg"; sourceTree = "<group>"; };
		BA0F025C1735D8A100859A35 /* Edwina FitzPatrick-avt.jpg */ = {isa = PBXFileReference; lastKnownFileType = image.jpeg; path = "Edwina FitzPatrick-avt.jpg"; sourceTree = "<group>"; };
		BA0F025E1735D8ED00859A35 /* Edwina FitzPatrick-0.jpg */ = {isa = PBXFileReference; lastKnownFileType = image.jpeg; path = "Edwina FitzPatrick-0.jpg"; sourceTree = "<group>"; };
		BA0F02601735D9C400859A35 /* Rosie Leventon-avt.jpg */ = {isa = PBXFileReference; lastKnownFileType = image.jpeg; path = "Rosie Leventon-avt.jpg"; sourceTree = "<group>"; };
		BA0F02621735D9DF00859A35 /* Rosie Leventon-0.jpg */ = {isa = PBXFileReference; lastKnownFileType = image.jpeg; path = "Rosie Leventon-0.jpg"; sourceTree = "<group>"; };
		BA0F02641735DAAE00859A35 /* Lukasz Skapski-avt.jpg */ = {isa = PBXFileReference; lastKnownFileType = image.jpeg; path = "Lukasz Skapski-avt.jpg"; sourceTree = "<group>"; };
		BA0F02661735DAEE00859A35 /* Lukasz Skapski-0.jpg */ = {isa = PBXFileReference; lastKnownFileType = image.jpeg; path = "Lukasz Skapski-0.jpg"; sourceTree = "<group>"; };
		BA0F026A1735DE0500859A35 /* Richard Harris-avt.jpg */ = {isa = PBXFileReference; lastKnownFileType = image.jpeg; path = "Richard Harris-avt.jpg"; sourceTree = "<group>"; };
		BA0F026C1735DE1800859A35 /* Richard Harris-0.jpg */ = {isa = PBXFileReference; lastKnownFileType = image.jpeg; path = "Richard Harris-0.jpg"; sourceTree = "<group>"; };
		BA0F026E1735E13800859A35 /* Richard Harris-1.jpg */ = {isa = PBXFileReference; lastKnownFileType = image.jpeg; path = "Richard Harris-1.jpg"; sourceTree = "<group>"; };
		BA0F02701735E1A600859A35 /* Richard Harris-2.jpg */ = {isa = PBXFileReference; lastKnownFileType = image.jpeg; path = "Richard Harris-2.jpg"; sourceTree = "<group>"; };
		BA0F02721735E1AC00859A35 /* Richard Harris-3.jpg */ = {isa = PBXFileReference; lastKnownFileType = image.jpeg; path = "Richard Harris-3.jpg"; sourceTree = "<group>"; };
		BA0F02741735E1B900859A35 /* Richard Harris-4.jpg */ = {isa = PBXFileReference; lastKnownFileType = image.jpeg; path = "Richard Harris-4.jpg"; sourceTree = "<group>"; };
		BA0F02761735E26500859A35 /* Lukasz Skapski-2.jpg */ = {isa = PBXFileReference; lastKnownFileType = image.jpeg; path = "Lukasz Skapski-2.jpg"; sourceTree = "<group>"; };
		BA0F02781735E28200859A35 /* Lukasz Skapski-1.jpg */ = {isa = PBXFileReference; lastKnownFileType = image.jpeg; path = "Lukasz Skapski-1.jpg"; sourceTree = "<group>"; };
		BA0F027A1735E28C00859A35 /* Lukasz Skapski-3.jpg */ = {isa = PBXFileReference; lastKnownFileType = image.jpeg; path = "Lukasz Skapski-3.jpg"; sourceTree = "<group>"; };
		BA0F027C1735E31B00859A35 /* Rosie Leventon-2.jpg */ = {isa = PBXFileReference; lastKnownFileType = image.jpeg; path = "Rosie Leventon-2.jpg"; sourceTree = "<group>"; };
		BA0F027E1735E32E00859A35 /* Rosie Leventon-1.jpg */ = {isa = PBXFileReference; lastKnownFileType = image.jpeg; path = "Rosie Leventon-1.jpg"; sourceTree = "<group>"; };
		BA0F02801735E35700859A35 /* Rosie Leventon-3.jpg */ = {isa = PBXFileReference; lastKnownFileType = image.jpeg; path = "Rosie Leventon-3.jpg"; sourceTree = "<group>"; };
		BA0F02821735E37100859A35 /* Rosie Leventon-4.jpg */ = {isa = PBXFileReference; lastKnownFileType = image.jpeg; path = "Rosie Leventon-4.jpg"; sourceTree = "<group>"; };
		BA0F02841735E3E700859A35 /* Edwina FitzPatrick-1.jpg */ = {isa = PBXFileReference; lastKnownFileType = image.jpeg; path = "Edwina FitzPatrick-1.jpg"; sourceTree = "<group>"; };
		BA0F02861735E44600859A35 /* Edwina FitzPatrick-2.jpg */ = {isa = PBXFileReference; lastKnownFileType = image.jpeg; path = "Edwina FitzPatrick-2.jpg"; sourceTree = "<group>"; };
		BA0F02881735E48B00859A35 /* Edwina FitzPatrick-3.jpg */ = {isa = PBXFileReference; lastKnownFileType = image.jpeg; path = "Edwina FitzPatrick-3.jpg"; sourceTree = "<group>"; };
		BA0F028A1735E4EB00859A35 /* Emily Richardson-1.jpg */ = {isa = PBXFileReference; lastKnownFileType = image.jpeg; path = "Emily Richardson-1.jpg"; sourceTree = "<group>"; };
		BA0F028C1735E4F400859A35 /* Emily Richardson-2.jpg */ = {isa = PBXFileReference; lastKnownFileType = image.jpeg; path = "Emily Richardson-2.jpg"; sourceTree = "<group>"; };
		BA0F028E1735E58700859A35 /* Peter Fillingham-1.jpg */ = {isa = PBXFileReference; lastKnownFileType = image.jpeg; path = "Peter Fillingham-1.jpg"; sourceTree = "<group>"; };
		BA0F02901735E6DC00859A35 /* Jem Finer-1.jpg */ = {isa = PBXFileReference; lastKnownFileType = image.jpeg; path = "Jem Finer-1.jpg"; sourceTree = "<group>"; };
		BA0F02921735E6E500859A35 /* Jem Finer-2.jpg */ = {isa = PBXFileReference; lastKnownFileType = image.jpeg; path = "Jem Finer-2.jpg"; sourceTree = "<group>"; };
		BA0F02941735E78700859A35 /* Jem Finer-3.jpg */ = {isa = PBXFileReference; lastKnownFileType = image.jpeg; path = "Jem Finer-3.jpg"; sourceTree = "<group>"; };
		BA0F02961735E78F00859A35 /* Jem Finer-4.jpg */ = {isa = PBXFileReference; lastKnownFileType = image.jpeg; path = "Jem Finer-4.jpg"; sourceTree = "<group>"; };
		BA0F02981735E7C900859A35 /* Christopher Jones-2.jpg */ = {isa = PBXFileReference; lastKnownFileType = image.jpeg; path = "Christopher Jones-2.jpg"; sourceTree = "<group>"; };
		BA0F029A1735E7D400859A35 /* Christopher Jones-1.jpg */ = {isa = PBXFileReference; lastKnownFileType = image.jpeg; path = "Christopher Jones-1.jpg"; sourceTree = "<group>"; };
		BA0F029C1735E7DB00859A35 /* Christopher Jones-3.jpg */ = {isa = PBXFileReference; lastKnownFileType = image.jpeg; path = "Christopher Jones-3.jpg"; sourceTree = "<group>"; };
		BA0F029E1735E84600859A35 /* Christopher Jones-4.jpg */ = {isa = PBXFileReference; lastKnownFileType = image.jpeg; path = "Christopher Jones-4.jpg"; sourceTree = "<group>"; };
		BA0F02A01735E8BC00859A35 /* Methew King-1.jpg */ = {isa = PBXFileReference; lastKnownFileType = image.jpeg; path = "Methew King-1.jpg"; sourceTree = "<group>"; };
		BA0F02A21735E8C700859A35 /* Methew King-2.jpg */ = {isa = PBXFileReference; lastKnownFileType = image.jpeg; path = "Methew King-2.jpg"; sourceTree = "<group>"; };
		BA0F02A41735E8D300859A35 /* Methew King-3.jpg */ = {isa = PBXFileReference; lastKnownFileType = image.jpeg; path = "Methew King-3.jpg"; sourceTree = "<group>"; };
		BA0F02A61735E8DE00859A35 /* Methew King-4.jpg */ = {isa = PBXFileReference; lastKnownFileType = image.jpeg; path = "Methew King-4.jpg"; sourceTree = "<group>"; };
		BA0F02A81735E94500859A35 /* Edward Chell-1.jpg */ = {isa = PBXFileReference; lastKnownFileType = image.jpeg; path = "Edward Chell-1.jpg"; sourceTree = "<group>"; };
		BA0F02AA1735E95000859A35 /* Edward Chell-2.jpg */ = {isa = PBXFileReference; lastKnownFileType = image.jpeg; path = "Edward Chell-2.jpg"; sourceTree = "<group>"; };
		BA0F02AC1735EA9800859A35 /* Lee Patterson-1.jpg */ = {isa = PBXFileReference; lastKnownFileType = image.jpeg; path = "Lee Patterson-1.jpg"; sourceTree = "<group>"; };
		BA0F02AD1735EA9D00859A35 /* Lee Patterson-2.jpg */ = {isa = PBXFileReference; lastKnownFileType = image.jpeg; path = "Lee Patterson-2.jpg"; sourceTree = "<group>"; };
		BA0F02B01735EAC400859A35 /* Lee Patterson-4.jpg */ = {isa = PBXFileReference; lastKnownFileType = image.jpeg; path = "Lee Patterson-4.jpg"; sourceTree = "<group>"; };
		BA0F02B21735EACC00859A35 /* Lee Patterson-3.jpg */ = {isa = PBXFileReference; lastKnownFileType = image.jpeg; path = "Lee Patterson-3.jpg"; sourceTree = "<group>"; };
		BA0F02B41735EB3200859A35 /* Mike Marshall-1.jpg */ = {isa = PBXFileReference; lastKnownFileType = image.jpeg; path = "Mike Marshall-1.jpg"; sourceTree = "<group>"; };
		BA0F02B61735EB3C00859A35 /* Mike Marshall-3.jpg */ = {isa = PBXFileReference; lastKnownFileType = image.jpeg; path = "Mike Marshall-3.jpg"; sourceTree = "<group>"; };
		BA0F02B81735EB4300859A35 /* Mike Marshall-2.jpg */ = {isa = PBXFileReference; lastKnownFileType = image.jpeg; path = "Mike Marshall-2.jpg"; sourceTree = "<group>"; };
		BA0F02BA1735EC0200859A35 /* London Fieldworks-2.jpg */ = {isa = PBXFileReference; lastKnownFileType = image.jpeg; path = "London Fieldworks-2.jpg"; sourceTree = "<group>"; };
		BA0F02BC1735EC0D00859A35 /* London Fieldworks-1.jpg */ = {isa = PBXFileReference; lastKnownFileType = image.jpeg; path = "London Fieldworks-1.jpg"; sourceTree = "<group>"; };
		BA0F02BE1735EC9000859A35 /* London Fieldworks-3.jpg */ = {isa = PBXFileReference; lastKnownFileType = image.jpeg; path = "London Fieldworks-3.jpg"; sourceTree = "<group>"; };
		BA0F02C01735ECE500859A35 /* Bethan Huws-1.jpg */ = {isa = PBXFileReference; lastKnownFileType = image.jpeg; path = "Bethan Huws-1.jpg"; sourceTree = "<group>"; };
		BA0F02C21735ED0600859A35 /* Bethan Huws-2.jpg */ = {isa = PBXFileReference; lastKnownFileType = image.jpeg; path = "Bethan Huws-2.jpg"; sourceTree = "<group>"; };
		BA0F02C41735ED1D00859A35 /* Bethan Huws-3.jpg */ = {isa = PBXFileReference; lastKnownFileType = image.jpeg; path = "Bethan Huws-3.jpg"; sourceTree = "<group>"; };
		BA641F0F17295AAD007F7E3A /* Artist.h */ = {isa = PBXFileReference; fileEncoding = 4; lastKnownFileType = sourcecode.c.h; path = Artist.h; sourceTree = "<group>"; };
		BA641F1017295AAD007F7E3A /* Artist.m */ = {isa = PBXFileReference; fileEncoding = 4; lastKnownFileType = sourcecode.c.objc; path = Artist.m; sourceTree = "<group>"; };
		BA641F1217295AF7007F7E3A /* ArtistDataModel.h */ = {isa = PBXFileReference; fileEncoding = 4; lastKnownFileType = sourcecode.c.h; path = ArtistDataModel.h; sourceTree = "<group>"; };
		BA641F1317295AF7007F7E3A /* ArtistDataModel.m */ = {isa = PBXFileReference; fileEncoding = 4; lastKnownFileType = sourcecode.c.objc; path = ArtistDataModel.m; sourceTree = "<group>"; };
		BAA1FC4E1724B25800E166B6 /* EventDataModel.h */ = {isa = PBXFileReference; fileEncoding = 4; lastKnownFileType = sourcecode.c.h; path = EventDataModel.h; sourceTree = "<group>"; };
		BAA1FC4F1724B25800E166B6 /* EventDataModel.m */ = {isa = PBXFileReference; fileEncoding = 4; lastKnownFileType = sourcecode.c.objc; path = EventDataModel.m; sourceTree = "<group>"; };
		BAA1FC511724BCA400E166B6 /* SVEventsViewController.h */ = {isa = PBXFileReference; fileEncoding = 4; lastKnownFileType = sourcecode.c.h; path = SVEventsViewController.h; sourceTree = "<group>"; };
		BAA1FC521724BCA400E166B6 /* SVEventsViewController.m */ = {isa = PBXFileReference; fileEncoding = 4; lastKnownFileType = sourcecode.c.objc; path = SVEventsViewController.m; sourceTree = "<group>"; };
		BAA1FCAA1725D36E00E166B6 /* Event.h */ = {isa = PBXFileReference; fileEncoding = 4; lastKnownFileType = sourcecode.c.h; path = Event.h; sourceTree = "<group>"; };
		BAA1FCAB1725D36E00E166B6 /* Event.m */ = {isa = PBXFileReference; fileEncoding = 4; lastKnownFileType = sourcecode.c.objc; path = Event.m; sourceTree = "<group>"; };
		BAA1FCAF1725D84000E166B6 /* tableCell.h */ = {isa = PBXFileReference; fileEncoding = 4; lastKnownFileType = sourcecode.c.h; path = tableCell.h; sourceTree = "<group>"; };
		BAA1FCB01725D84000E166B6 /* tableCell.m */ = {isa = PBXFileReference; fileEncoding = 4; lastKnownFileType = sourcecode.c.objc; path = tableCell.m; sourceTree = "<group>"; };
		BAA1FCB11725D84000E166B6 /* tablecell.xib */ = {isa = PBXFileReference; fileEncoding = 4; lastKnownFileType = file.xib; path = tablecell.xib; sourceTree = "<group>"; };
		BAA1FCB41725D88000E166B6 /* imageTableCell.h */ = {isa = PBXFileReference; fileEncoding = 4; lastKnownFileType = sourcecode.c.h; path = imageTableCell.h; sourceTree = "<group>"; };
		BAA1FCB51725D88000E166B6 /* imageTableCell.m */ = {isa = PBXFileReference; fileEncoding = 4; lastKnownFileType = sourcecode.c.objc; path = imageTableCell.m; sourceTree = "<group>"; };
		BAA1FCBC1725DAE600E166B6 /* EventMenuCell.xib */ = {isa = PBXFileReference; fileEncoding = 4; lastKnownFileType = file.xib; path = EventMenuCell.xib; sourceTree = "<group>"; };
		BAA1FCBE1725DB6F00E166B6 /* EventMenuCell.h */ = {isa = PBXFileReference; fileEncoding = 4; lastKnownFileType = sourcecode.c.h; path = EventMenuCell.h; sourceTree = "<group>"; };
		BAA1FCBF1725DB6F00E166B6 /* EventMenuCell.m */ = {isa = PBXFileReference; fileEncoding = 4; lastKnownFileType = sourcecode.c.objc; path = EventMenuCell.m; sourceTree = "<group>"; };
		BAA1FCC31725DD4A00E166B6 /* imageCollectionView.h */ = {isa = PBXFileReference; fileEncoding = 4; lastKnownFileType = sourcecode.c.h; path = imageCollectionView.h; sourceTree = "<group>"; };
		BAA1FCC41725DD4A00E166B6 /* imageCollectionView.m */ = {isa = PBXFileReference; fileEncoding = 4; lastKnownFileType = sourcecode.c.objc; path = imageCollectionView.m; sourceTree = "<group>"; };
		BAA1FCC61725DD8400E166B6 /* cellectionCell.h */ = {isa = PBXFileReference; fileEncoding = 4; lastKnownFileType = sourcecode.c.h; path = cellectionCell.h; sourceTree = "<group>"; };
		BAA1FCC71725DD8400E166B6 /* cellectionCell.m */ = {isa = PBXFileReference; fileEncoding = 4; lastKnownFileType = sourcecode.c.objc; path = cellectionCell.m; sourceTree = "<group>"; };
		BAA1FCC81725DD8400E166B6 /* collectionCell.xib */ = {isa = PBXFileReference; fileEncoding = 4; lastKnownFileType = file.xib; path = collectionCell.xib; sourceTree = "<group>"; };
		BAA1FCCB1725DDA900E166B6 /* imagesLayout.h */ = {isa = PBXFileReference; fileEncoding = 4; lastKnownFileType = sourcecode.c.h; path = imagesLayout.h; sourceTree = "<group>"; };
		BAA1FCCC1725DDA900E166B6 /* imagesLayout.m */ = {isa = PBXFileReference; fileEncoding = 4; lastKnownFileType = sourcecode.c.objc; path = imagesLayout.m; sourceTree = "<group>"; };
		BAA1FCCE1725E1FA00E166B6 /* bookingIcon.png */ = {isa = PBXFileReference; lastKnownFileType = image.png; path = bookingIcon.png; sourceTree = "<group>"; };
		BAA1FCCF1725E1FA00E166B6 /* bookingIcon@2x.png */ = {isa = PBXFileReference; lastKnownFileType = image.png; path = "bookingIcon@2x.png"; sourceTree = "<group>"; };
		BAA1FCD21725E22100E166B6 /* directionIcon.png */ = {isa = PBXFileReference; lastKnownFileType = image.png; path = directionIcon.png; sourceTree = "<group>"; };
		BAA1FCD31725E22100E166B6 /* directionIcon@2x.png */ = {isa = PBXFileReference; lastKnownFileType = image.png; path = "directionIcon@2x.png"; sourceTree = "<group>"; };
		BAA1FCD41725E22100E166B6 /* event-default.jpg */ = {isa = PBXFileReference; lastKnownFileType = image.jpeg; path = "event-default.jpg"; sourceTree = "<group>"; };
		BAA1FCD51725E22100E166B6 /* event1-0.jpg */ = {isa = PBXFileReference; lastKnownFileType = image.jpeg; path = "event1-0.jpg"; sourceTree = "<group>"; };
		BAA1FCD61725E22100E166B6 /* event1-1.jpg */ = {isa = PBXFileReference; lastKnownFileType = image.jpeg; path = "event1-1.jpg"; sourceTree = "<group>"; };
		BAA1FCE01725E28600E166B6 /* svaavatar.png */ = {isa = PBXFileReference; lastKnownFileType = image.png; path = svaavatar.png; sourceTree = "<group>"; };
		BAA1FCE11725E28600E166B6 /* svaavatar@2x.png */ = {isa = PBXFileReference; lastKnownFileType = image.png; path = "svaavatar@2x.png"; sourceTree = "<group>"; };
		BAA1FD461726076900E166B6 /* about_view.png */ = {isa = PBXFileReference; lastKnownFileType = image.png; path = about_view.png; sourceTree = "<group>"; };
		BAA1FD471726076900E166B6 /* about_view@2x.png */ = {isa = PBXFileReference; lastKnownFileType = image.png; path = "about_view@2x.png"; sourceTree = "<group>"; };
		BAA1FD5A172609D500E166B6 /* QuartzCore.framework */ = {isa = PBXFileReference; lastKnownFileType = wrapper.framework; name = QuartzCore.framework; path = System/Library/Frameworks/QuartzCore.framework; sourceTree = SDKROOT; };
		BAD56CB617273EC8002F5757 /* ArtInstallation.h */ = {isa = PBXFileReference; fileEncoding = 4; lastKnownFileType = sourcecode.c.h; path = ArtInstallation.h; sourceTree = "<group>"; };
		BAD56CB717273EC8002F5757 /* ArtInstallation.m */ = {isa = PBXFileReference; fileEncoding = 4; lastKnownFileType = sourcecode.c.objc; path = ArtInstallation.m; sourceTree = "<group>"; };
		BAD56CBC172742AC002F5757 /* ArtInstallationDataModel.h */ = {isa = PBXFileReference; fileEncoding = 4; lastKnownFileType = sourcecode.c.h; path = ArtInstallationDataModel.h; sourceTree = "<group>"; };
		BAD56CBD172742AC002F5757 /* ArtInstallationDataModel.m */ = {isa = PBXFileReference; fileEncoding = 4; lastKnownFileType = sourcecode.c.objc; path = ArtInstallationDataModel.m; sourceTree = "<group>"; };
		BAD56D6A1728A79A002F5757 /* AboutCollectionCell.h */ = {isa = PBXFileReference; fileEncoding = 4; lastKnownFileType = sourcecode.c.h; path = AboutCollectionCell.h; sourceTree = "<group>"; };
		BAD56D6B1728A79A002F5757 /* AboutCollectionCell.m */ = {isa = PBXFileReference; fileEncoding = 4; lastKnownFileType = sourcecode.c.objc; path = AboutCollectionCell.m; sourceTree = "<group>"; };
		BAD56D6D1728A928002F5757 /* AboutLayout.h */ = {isa = PBXFileReference; fileEncoding = 4; lastKnownFileType = sourcecode.c.h; path = AboutLayout.h; sourceTree = "<group>"; };
		BAD56D6E1728A928002F5757 /* AboutLayout.m */ = {isa = PBXFileReference; fileEncoding = 4; lastKnownFileType = sourcecode.c.objc; path = AboutLayout.m; sourceTree = "<group>"; };
		BAD56D701728AB2C002F5757 /* DetailCell.h */ = {isa = PBXFileReference; fileEncoding = 4; lastKnownFileType = sourcecode.c.h; path = DetailCell.h; sourceTree = "<group>"; };
		BAD56D711728AB2C002F5757 /* DetailCell.m */ = {isa = PBXFileReference; fileEncoding = 4; lastKnownFileType = sourcecode.c.objc; path = DetailCell.m; sourceTree = "<group>"; };
		BAD56D721728AB2C002F5757 /* DetailCell.xib */ = {isa = PBXFileReference; fileEncoding = 4; lastKnownFileType = file.xib; path = DetailCell.xib; sourceTree = "<group>"; };
		BAD56D751728AB90002F5757 /* socailMenuCell.h */ = {isa = PBXFileReference; fileEncoding = 4; lastKnownFileType = sourcecode.c.h; path = socailMenuCell.h; sourceTree = "<group>"; };
		BAD56D761728AB90002F5757 /* socailMenuCell.m */ = {isa = PBXFileReference; fileEncoding = 4; lastKnownFileType = sourcecode.c.objc; path = socailMenuCell.m; sourceTree = "<group>"; };
		BAD56D781728ADAE002F5757 /* AboutMenuCell.xib */ = {isa = PBXFileReference; fileEncoding = 4; lastKnownFileType = file.xib; path = AboutMenuCell.xib; sourceTree = "<group>"; };
		BAD56D7A1728ADF5002F5757 /* AboutMenuCell.h */ = {isa = PBXFileReference; fileEncoding = 4; lastKnownFileType = sourcecode.c.h; path = AboutMenuCell.h; sourceTree = "<group>"; };
		BAD56D7B1728ADF5002F5757 /* AboutMenuCell.m */ = {isa = PBXFileReference; fileEncoding = 4; lastKnownFileType = sourcecode.c.objc; path = AboutMenuCell.m; sourceTree = "<group>"; };
		BAD56D821728CBB1002F5757 /* SVAWebView.h */ = {isa = PBXFileReference; fileEncoding = 4; lastKnownFileType = sourcecode.c.h; path = SVAWebView.h; sourceTree = "<group>"; };
		BAD56D831728CBB1002F5757 /* SVAWebView.m */ = {isa = PBXFileReference; fileEncoding = 4; lastKnownFileType = sourcecode.c.objc; path = SVAWebView.m; sourceTree = "<group>"; };
		BAD56D841728CBB1002F5757 /* SVAWebView.xib */ = {isa = PBXFileReference; fileEncoding = 4; lastKnownFileType = file.xib; path = SVAWebView.xib; sourceTree = "<group>"; };
		BAF5E3EA173430F100D0E44A /* facebook.png */ = {isa = PBXFileReference; lastKnownFileType = image.png; path = facebook.png; sourceTree = "<group>"; };
		BAF5E3EB173430F100D0E44A /* facebook@2x.png */ = {isa = PBXFileReference; lastKnownFileType = image.png; path = "facebook@2x.png"; sourceTree = "<group>"; };
		BAF5E3EC173430F100D0E44A /* soundcloud.png */ = {isa = PBXFileReference; lastKnownFileType = image.png; path = soundcloud.png; sourceTree = "<group>"; };
		BAF5E3ED173430F100D0E44A /* soundcloud@2x.png */ = {isa = PBXFileReference; lastKnownFileType = image.png; path = "soundcloud@2x.png"; sourceTree = "<group>"; };
		BAF5E3EE173430F100D0E44A /* vimeo.png */ = {isa = PBXFileReference; lastKnownFileType = image.png; path = vimeo.png; sourceTree = "<group>"; };
		BAF5E3EF173430F100D0E44A /* vimeo@2x.png */ = {isa = PBXFileReference; lastKnownFileType = image.png; path = "vimeo@2x.png"; sourceTree = "<group>"; };
		BAF5E40017343D7D00D0E44A /* phone.png */ = {isa = PBXFileReference; lastKnownFileType = image.png; path = phone.png; sourceTree = "<group>"; };
		BAF5E40117343D7D00D0E44A /* phone@2x.png */ = {isa = PBXFileReference; lastKnownFileType = image.png; path = "phone@2x.png"; sourceTree = "<group>"; };
		BAF5E41417345F2900D0E44A /* svabanner.png */ = {isa = PBXFileReference; lastKnownFileType = image.png; path = svabanner.png; sourceTree = "<group>"; };
		BAF5E41517345F2900D0E44A /* svabanner@2x.png */ = {isa = PBXFileReference; lastKnownFileType = image.png; path = "svabanner@2x.png"; sourceTree = "<group>"; };
		BAF5E41817349C5C00D0E44A /* event0-0.jpg */ = {isa = PBXFileReference; lastKnownFileType = image.jpeg; path = "event0-0.jpg"; sourceTree = "<group>"; };
		BAF5E41C1734A04100D0E44A /* event0-3.jpg */ = {isa = PBXFileReference; lastKnownFileType = image.jpeg; path = "event0-3.jpg"; sourceTree = "<group>"; };
		BAF5E41D1734A04100D0E44A /* event0-4.jpg */ = {isa = PBXFileReference; lastKnownFileType = image.jpeg; path = "event0-4.jpg"; sourceTree = "<group>"; };
		BAF5E4221734A08600D0E44A /* event1-2.jpeg */ = {isa = PBXFileReference; lastKnownFileType = image.jpeg; path = "event1-2.jpeg"; sourceTree = "<group>"; };
		BAF5E4241734A1AA00D0E44A /* event0-1.jpg */ = {isa = PBXFileReference; lastKnownFileType = image.jpeg; path = "event0-1.jpg"; sourceTree = "<group>"; };
		BAF5E4261734A1B500D0E44A /* event0-2.jpg */ = {isa = PBXFileReference; lastKnownFileType = image.jpeg; path = "event0-2.jpg"; sourceTree = "<group>"; };
		BAF5E4281734ACA100D0E44A /* icon57.png */ = {isa = PBXFileReference; lastKnownFileType = image.png; path = icon57.png; sourceTree = "<group>"; };
		BAF5E42A1734ACCA00D0E44A /* icon114.png */ = {isa = PBXFileReference; lastKnownFileType = image.png; path = icon114.png; sourceTree = "<group>"; };
		BAFAE14D172DB71F00E09C35 /* SVAEventDetailViewController.h */ = {isa = PBXFileReference; fileEncoding = 4; lastKnownFileType = sourcecode.c.h; path = SVAEventDetailViewController.h; sourceTree = "<group>"; };
		BAFAE14E172DB71F00E09C35 /* SVAEventDetailViewController.m */ = {isa = PBXFileReference; fileEncoding = 4; lastKnownFileType = sourcecode.c.objc; path = SVAEventDetailViewController.m; sourceTree = "<group>"; };
		BAFAE14F172DB71F00E09C35 /* SVAEventDetailViewController.xib */ = {isa = PBXFileReference; fileEncoding = 4; lastKnownFileType = file.xib; path = SVAEventDetailViewController.xib; sourceTree = "<group>"; };
		BAFAE153172DBE6E00E09C35 /* EventCell.h */ = {isa = PBXFileReference; fileEncoding = 4; lastKnownFileType = sourcecode.c.h; path = EventCell.h; sourceTree = "<group>"; };
		BAFAE154172DBE6E00E09C35 /* EventCell.m */ = {isa = PBXFileReference; fileEncoding = 4; lastKnownFileType = sourcecode.c.objc; path = EventCell.m; sourceTree = "<group>"; };
		BAFAE156172DBED400E09C35 /* EventCell.xib */ = {isa = PBXFileReference; fileEncoding = 4; lastKnownFileType = file.xib; path = EventCell.xib; sourceTree = "<group>"; };
		BAFAE158172DBFAF00E09C35 /* EventLayout.h */ = {isa = PBXFileReference; fileEncoding = 4; lastKnownFileType = sourcecode.c.h; path = EventLayout.h; sourceTree = "<group>"; };
		BAFAE159172DBFAF00E09C35 /* EventLayout.m */ = {isa = PBXFileReference; fileEncoding = 4; lastKnownFileType = sourcecode.c.objc; path = EventLayout.m; sourceTree = "<group>"; };
		BAFAE15B172DE0BD00E09C35 /* event2-1.jpg */ = {isa = PBXFileReference; lastKnownFileType = image.jpeg; path = "event2-1.jpg"; sourceTree = "<group>"; };
		FD017F1215EF4B949E75B2F9 /* Pods.xcconfig */ = {isa = PBXFileReference; includeInIndex = 1; lastKnownFileType = text.xcconfig; name = Pods.xcconfig; path = Pods/Pods.xcconfig; sourceTree = SOURCE_ROOT; };
		FDFB84CA4F32455DA4A4A79D /* libPods.a */ = {isa = PBXFileReference; explicitFileType = archive.ar; includeInIndex = 0; path = libPods.a; sourceTree = BUILT_PRODUCTS_DIR; };
/* End PBXFileReference section */

/* Begin PBXFrameworksBuildPhase section */
		7F1F629316EE4DBA00018974 /* Frameworks */ = {
			isa = PBXFrameworksBuildPhase;
			buildActionMask = 2147483647;
			files = (
				BAA1FD5B172609D500E166B6 /* QuartzCore.framework in Frameworks */,
				7F0C3E5D1720BDC600C28B59 /* libProj4.a in Frameworks */,
				7F0C3E501720BCA100C28B59 /* Foundation.framework in Frameworks */,
				7F0C3E4D1720BC5900C28B59 /* libz.dylib in Frameworks */,
				7F0C3E4B1720BC5100C28B59 /* libsqlite3.dylib in Frameworks */,
				7F109E411700B6A6008C0048 /* CoreData.framework in Frameworks */,
				7F9C511216F7679B00BAD5F7 /* CoreLocation.framework in Frameworks */,
				7F9C511016F74B6D00BAD5F7 /* MapKit.framework in Frameworks */,
				7F1F629A16EE4DBA00018974 /* UIKit.framework in Frameworks */,
				7F1F629E16EE4DBA00018974 /* CoreGraphics.framework in Frameworks */,
				25EAD3C28D1E40998AEB958C /* libPods.a in Frameworks */,
			);
			runOnlyForDeploymentPostprocessing = 0;
		};
/* End PBXFrameworksBuildPhase section */

/* Begin PBXGroup section */
		7F109E451700BFBB008C0048 /* Model Class */ = {
			isa = PBXGroup;
			children = (
				BA641F0F17295AAD007F7E3A /* Artist.h */,
				BA641F1017295AAD007F7E3A /* Artist.m */,
				BA641F1217295AF7007F7E3A /* ArtistDataModel.h */,
				BA641F1317295AF7007F7E3A /* ArtistDataModel.m */,
				BAA1FCAA1725D36E00E166B6 /* Event.h */,
				BAA1FCAB1725D36E00E166B6 /* Event.m */,
				BAA1FC4E1724B25800E166B6 /* EventDataModel.h */,
				BAA1FC4F1724B25800E166B6 /* EventDataModel.m */,
				BAD56CB617273EC8002F5757 /* ArtInstallation.h */,
				BAD56CB717273EC8002F5757 /* ArtInstallation.m */,
				BAD56CBC172742AC002F5757 /* ArtInstallationDataModel.h */,
				BAD56CBD172742AC002F5757 /* ArtInstallationDataModel.m */,
			);
			name = "Model Class";
			sourceTree = "<group>";
		};
		7F1F628D16EE4DBA00018974 = {
			isa = PBXGroup;
			children = (
				BAF5E42A1734ACCA00D0E44A /* icon114.png */,
				BAF5E4281734ACA100D0E44A /* icon57.png */,
				7F0C3E5C1720BDC600C28B59 /* libProj4.a */,
				7F0C3E4C1720BC5900C28B59 /* libz.dylib */,
				7F0C3E4A1720BC5100C28B59 /* libsqlite3.dylib */,
				7F1F629F16EE4DBA00018974 /* stourvalley */,
				7F1F629816EE4DBA00018974 /* Frameworks */,
				7F1F629716EE4DBA00018974 /* Products */,
				FD017F1215EF4B949E75B2F9 /* Pods.xcconfig */,
			);
			sourceTree = "<group>";
		};
		7F1F629716EE4DBA00018974 /* Products */ = {
			isa = PBXGroup;
			children = (
				7F1F629616EE4DBA00018974 /* stourvalley.app */,
			);
			name = Products;
			sourceTree = "<group>";
		};
		7F1F629816EE4DBA00018974 /* Frameworks */ = {
			isa = PBXGroup;
			children = (
				BAA1FD5A172609D500E166B6 /* QuartzCore.framework */,
				7F109E401700B6A6008C0048 /* CoreData.framework */,
				7F9C511116F7679B00BAD5F7 /* CoreLocation.framework */,
				7F9C510F16F74B6D00BAD5F7 /* MapKit.framework */,
				7F1F629916EE4DBA00018974 /* UIKit.framework */,
				7F1F629B16EE4DBA00018974 /* Foundation.framework */,
				7F1F629D16EE4DBA00018974 /* CoreGraphics.framework */,
				FDFB84CA4F32455DA4A4A79D /* libPods.a */,
			);
			name = Frameworks;
			sourceTree = "<group>";
		};
		7F1F629F16EE4DBA00018974 /* stourvalley */ = {
			isa = PBXGroup;
			children = (
				7FCD9B3D1732C8C40088A654 /* stourvalley3.mbtiles */,
				7F109E451700BFBB008C0048 /* Model Class */,
				7F9C510416F725AD00BAD5F7 /* Images */,
				7F9C50F916F720E300BAD5F7 /* Menu */,
				7F1F630116EF66A900018974 /* Map */,
				7F1F630016EF66A300018974 /* Events */,
				BA0F021817359C5A00859A35 /* ArtitsCommissions */,
				7F1F62FA16EF667200018974 /* About */,
				7F1F62A816EE4DBA00018974 /* SVAppDelegate.h */,
				7F1F62A916EE4DBA00018974 /* SVAppDelegate.m */,
				7F1F62A016EE4DBA00018974 /* Supporting Files */,
			);
			path = stourvalley;
			sourceTree = "<group>";
		};
		7F1F62A016EE4DBA00018974 /* Supporting Files */ = {
			isa = PBXGroup;
			children = (
				7F1F62A116EE4DBA00018974 /* stourvalley-Info.plist */,
				7F1F62A216EE4DBA00018974 /* InfoPlist.strings */,
				7F1F62A516EE4DBA00018974 /* main.m */,
				7F1F62A716EE4DBA00018974 /* stourvalley-Prefix.pch */,
				7F1F62AB16EE4DBA00018974 /* Default.png */,
				7F1F62AD16EE4DBA00018974 /* Default@2x.png */,
				7F1F62AF16EE4DBA00018974 /* Default-568h@2x.png */,
				7F109E421700B716008C0048 /* Stourvalley.xcdatamodeld */,
			);
			name = "Supporting Files";
			sourceTree = "<group>";
		};
		7F1F62FA16EF667200018974 /* About */ = {
			isa = PBXGroup;
			children = (
				BAA1FD3F172604FF00E166B6 /* about-customCell */,
				7F1F62FB16EF668300018974 /* SVAboutViewController.h */,
				7F1F62FC16EF668300018974 /* SVAboutViewController.m */,
				7F1F62FD16EF668300018974 /* SVAboutViewController.xib */,
				BAD56D821728CBB1002F5757 /* SVAWebView.h */,
				BAD56D831728CBB1002F5757 /* SVAWebView.m */,
				BAD56D841728CBB1002F5757 /* SVAWebView.xib */,
			);
			name = About;
			sourceTree = "<group>";
		};
		7F1F630016EF66A300018974 /* Events */ = {
			isa = PBXGroup;
			children = (
				BAA1FCAD1725D70200E166B6 /* events-customCell */,
				7F1F630916EF66CB00018974 /* SVEventsViewController.xib */,
				BAA1FC511724BCA400E166B6 /* SVEventsViewController.h */,
				BAA1FC521724BCA400E166B6 /* SVEventsViewController.m */,
				BAFAE14D172DB71F00E09C35 /* SVAEventDetailViewController.h */,
				BAFAE14E172DB71F00E09C35 /* SVAEventDetailViewController.m */,
				BAFAE14F172DB71F00E09C35 /* SVAEventDetailViewController.xib */,
			);
			name = Events;
			sourceTree = "<group>";
		};
		7F1F630116EF66A900018974 /* Map */ = {
			isa = PBXGroup;
			children = (
				7F1F630216EF66BF00018974 /* SVMapViewController.h */,
				7F1F630316EF66BF00018974 /* SVMapViewController.m */,
				7F1F630416EF66BF00018974 /* SVMapViewController.xib */,
				7F0C3E5E1720BDF000C28B59 /* SVMapboxViewController.h */,
				7F0C3E5F1720BDF000C28B59 /* SVMapboxViewController.m */,
			);
			name = Map;
			sourceTree = "<group>";
		};
		7F9C50F916F720E300BAD5F7 /* Menu */ = {
			isa = PBXGroup;
			children = (
				7F9C510C16F7275D00BAD5F7 /* SVMenuCell.h */,
				7F9C510D16F7275D00BAD5F7 /* SVMenuCell.m */,
				7F1DFD6F1733BC9C00B1C860 /* SVMenuCell.xib */,
				7F9C50FA16F7210500BAD5F7 /* SVMenuViewController.h */,
				7F9C50FB16F7210500BAD5F7 /* SVMenuViewController.m */,
			);
			name = Menu;
			sourceTree = "<group>";
		};
		7F9C510416F725AD00BAD5F7 /* Images */ = {
			isa = PBXGroup;
			children = (
				7F1DFD691733AB5600B1C860 /* menu-bg.png */,
				7F1DFD6A1733AB5600B1C860 /* menu-bg@2x.png */,
				7F3C5B181730182A00793A2D /* navbar.jpg */,
				7F3C5B191730182A00793A2D /* navbar@2x.jpg */,
				BAA1FD451726071500E166B6 /* about-images */,
				BAA1FCE41725E2D100E166B6 /* event-images */,
				BA0F022D1735BDF300859A35 /* artist-images */,
				7F9C510616F725B800BAD5F7 /* list@2x.png */,
				7F9C510516F725B800BAD5F7 /* list.png */,
			);
			name = Images;
			sourceTree = "<group>";
		};
		BA0F021817359C5A00859A35 /* ArtitsCommissions */ = {
			isa = PBXGroup;
			children = (
				BA0F021917359EE300859A35 /* SVArtistsViewController.h */,
				BA0F021A17359EE300859A35 /* SVArtistsViewController.m */,
				BA0F021B17359EE300859A35 /* SVArtistsViewController.xib */,
				BA0F02281735B4E600859A35 /* SVArtistsDetailViewController.h */,
				BA0F02291735B4E600859A35 /* SVArtistsDetailViewController.m */,
				BA0F022A1735B4E600859A35 /* SVArtistsDetailViewController.xib */,
			);
			name = ArtitsCommissions;
			sourceTree = "<group>";
		};
		BA0F022D1735BDF300859A35 /* artist-images */ = {
			isa = PBXGroup;
			children = (
				BA0F026A1735DE0500859A35 /* Richard Harris-avt.jpg */,
				BA0F026C1735DE1800859A35 /* Richard Harris-0.jpg */,
				BA0F026E1735E13800859A35 /* Richard Harris-1.jpg */,
				BA0F02701735E1A600859A35 /* Richard Harris-2.jpg */,
				BA0F02721735E1AC00859A35 /* Richard Harris-3.jpg */,
				BA0F02741735E1B900859A35 /* Richard Harris-4.jpg */,
				BA0F02641735DAAE00859A35 /* Lukasz Skapski-avt.jpg */,
				BA0F02661735DAEE00859A35 /* Lukasz Skapski-0.jpg */,
				BA0F02761735E26500859A35 /* Lukasz Skapski-2.jpg */,
				BA0F02781735E28200859A35 /* Lukasz Skapski-1.jpg */,
				BA0F027A1735E28C00859A35 /* Lukasz Skapski-3.jpg */,
				BA0F02601735D9C400859A35 /* Rosie Leventon-avt.jpg */,
				BA0F02621735D9DF00859A35 /* Rosie Leventon-0.jpg */,
				BA0F027C1735E31B00859A35 /* Rosie Leventon-2.jpg */,
				BA0F027E1735E32E00859A35 /* Rosie Leventon-1.jpg */,
				BA0F02801735E35700859A35 /* Rosie Leventon-3.jpg */,
				BA0F02821735E37100859A35 /* Rosie Leventon-4.jpg */,
				BA0F025C1735D8A100859A35 /* Edwina FitzPatrick-avt.jpg */,
				BA0F025E1735D8ED00859A35 /* Edwina FitzPatrick-0.jpg */,
				BA0F02841735E3E700859A35 /* Edwina FitzPatrick-1.jpg */,
				BA0F02861735E44600859A35 /* Edwina FitzPatrick-2.jpg */,
				BA0F02881735E48B00859A35 /* Edwina FitzPatrick-3.jpg */,
				BA0F025A1735D77C00859A35 /* Emily Richardson-0.jpg */,
				BA0F02581735D76B00859A35 /* Emily Richardson-avt.jpg */,
				BA0F028C1735E4F400859A35 /* Emily Richardson-2.jpg */,
				BA0F028A1735E4EB00859A35 /* Emily Richardson-1.jpg */,
				BA0F028E1735E58700859A35 /* Peter Fillingham-1.jpg */,
				BA0F02561735D6A300859A35 /* Peter Fillingham-0.jpg */,
				BA0F02541735D66900859A35 /* Peter Fillingham-avt.jpg */,
				BA0F02521735D54C00859A35 /* Jacques Nimki-avt.jpg */,
				BA0F02501735D52400859A35 /* Jacques Nimki-0.jpg */,
				BA0F024A1735D3DB00859A35 /* Jem Finer-avt.jpg */,
				BA0F024C1735D3EA00859A35 /* Jem Finer-0.jpg */,
				BA0F02901735E6DC00859A35 /* Jem Finer-1.jpg */,
				BA0F02921735E6E500859A35 /* Jem Finer-2.jpg */,
				BA0F02941735E78700859A35 /* Jem Finer-3.jpg */,
				BA0F02961735E78F00859A35 /* Jem Finer-4.jpg */,
				BA0F024E1735D47800859A35 /* Christopher Jones-avt.jpg */,
				BA0F02461735D32E00859A35 /* Christopher Jones-0.jpg */,
				BA0F029A1735E7D400859A35 /* Christopher Jones-1.jpg */,
				BA0F02981735E7C900859A35 /* Christopher Jones-2.jpg */,
				BA0F029C1735E7DB00859A35 /* Christopher Jones-3.jpg */,
				BA0F029E1735E84600859A35 /* Christopher Jones-4.jpg */,
				BA0F02421735D1CB00859A35 /* Methew King-avt.jpg */,
				BA0F02441735D23A00859A35 /* Methew King-0.jpg */,
				BA0F02A01735E8BC00859A35 /* Methew King-1.jpg */,
				BA0F02A21735E8C700859A35 /* Methew King-2.jpg */,
				BA0F02A41735E8D300859A35 /* Methew King-3.jpg */,
				BA0F02A61735E8DE00859A35 /* Methew King-4.jpg */,
				BA0F02301735C93100859A35 /* Lee Patterson-0.jpg */,
				BA0F02341735CAB900859A35 /* Lee Patterson-avt.jpg */,
				BA0F02AC1735EA9800859A35 /* Lee Patterson-1.jpg */,
				BA0F02AD1735EA9D00859A35 /* Lee Patterson-2.jpg */,
				BA0F02B21735EACC00859A35 /* Lee Patterson-3.jpg */,
				BA0F02B01735EAC400859A35 /* Lee Patterson-4.jpg */,
				BA0F022E1735C01400859A35 /* Mike Marshall-0.jpg */,
				BA0F02321735C9E100859A35 /* Mike Marshall-avt.jpg */,
				BA0F02B41735EB3200859A35 /* Mike Marshall-1.jpg */,
				BA0F02B81735EB4300859A35 /* Mike Marshall-2.jpg */,
				BA0F02B61735EB3C00859A35 /* Mike Marshall-3.jpg */,
				BA0F02361735CBF600859A35 /* London Fieldworks-avt.jpg */,
				BA0F02BE1735EC9000859A35 /* London Fieldworks-3.jpg */,
				BA0F02BC1735EC0D00859A35 /* London Fieldworks-1.jpg */,
				BA0F02BA1735EC0200859A35 /* London Fieldworks-2.jpg */,
				BA0F023A1735CDDD00859A35 /* London Fieldworks-0.jpg */,
				BA0F02381735CCA900859A35 /* Bethan Huws-avt.jpg */,
				BA0F023C1735CE8300859A35 /* Bethan Huws-0.jpg */,
				BA0F02C01735ECE500859A35 /* Bethan Huws-1.jpg */,
				BA0F02C21735ED0600859A35 /* Bethan Huws-2.jpg */,
				BA0F02C41735ED1D00859A35 /* Bethan Huws-3.jpg */,
				BA0F023E1735D0A100859A35 /* Edward Chell-avt.jpg */,
				BA0F02AA1735E95000859A35 /* Edward Chell-2.jpg */,
				BA0F02A81735E94500859A35 /* Edward Chell-1.jpg */,
				BA0F02401735D0B500859A35 /* Edward Chell-0.jpg */,
			);
			name = "artist-images";
			sourceTree = "<group>";
		};
		BAA1FCAD1725D70200E166B6 /* events-customCell */ = {
			isa = PBXGroup;
			children = (
				BAFAE152172DBE1100E09C35 /* mainViewCell */,
				BAA1FCC21725DCDE00E166B6 /* collectionCell */,
				BAA1FCC11725DCCE00E166B6 /* tableCell */,
			);
			name = "events-customCell";
			sourceTree = "<group>";
		};
		BAA1FCC11725DCCE00E166B6 /* tableCell */ = {
			isa = PBXGroup;
			children = (
				BAA1FCB41725D88000E166B6 /* imageTableCell.h */,
				BAA1FCB51725D88000E166B6 /* imageTableCell.m */,
				BAA1FCAF1725D84000E166B6 /* tableCell.h */,
				BAA1FCB01725D84000E166B6 /* tableCell.m */,
				BAA1FCB11725D84000E166B6 /* tablecell.xib */,
				BAA1FCBC1725DAE600E166B6 /* EventMenuCell.xib */,
				BAA1FCBE1725DB6F00E166B6 /* EventMenuCell.h */,
				BAA1FCBF1725DB6F00E166B6 /* EventMenuCell.m */,
			);
			name = tableCell;
			sourceTree = "<group>";
		};
		BAA1FCC21725DCDE00E166B6 /* collectionCell */ = {
			isa = PBXGroup;
			children = (
				BAA1FCCB1725DDA900E166B6 /* imagesLayout.h */,
				BAA1FCCC1725DDA900E166B6 /* imagesLayout.m */,
				BAA1FCC61725DD8400E166B6 /* cellectionCell.h */,
				BAA1FCC71725DD8400E166B6 /* cellectionCell.m */,
				BAA1FCC81725DD8400E166B6 /* collectionCell.xib */,
				BAA1FCC31725DD4A00E166B6 /* imageCollectionView.h */,
				BAA1FCC41725DD4A00E166B6 /* imageCollectionView.m */,
			);
			name = collectionCell;
			sourceTree = "<group>";
		};
		BAA1FCE41725E2D100E166B6 /* event-images */ = {
			isa = PBXGroup;
			children = (
				BAA1FCCE1725E1FA00E166B6 /* bookingIcon.png */,
				BAA1FCCF1725E1FA00E166B6 /* bookingIcon@2x.png */,
				BAA1FCD21725E22100E166B6 /* directionIcon.png */,
				BAA1FCD31725E22100E166B6 /* directionIcon@2x.png */,
				BAA1FCD41725E22100E166B6 /* event-default.jpg */,
				BAF5E41817349C5C00D0E44A /* event0-0.jpg */,
				BAF5E4241734A1AA00D0E44A /* event0-1.jpg */,
				BAF5E4261734A1B500D0E44A /* event0-2.jpg */,
				BAF5E41C1734A04100D0E44A /* event0-3.jpg */,
				BAF5E41D1734A04100D0E44A /* event0-4.jpg */,
				BAA1FCD51725E22100E166B6 /* event1-0.jpg */,
				BAA1FCD61725E22100E166B6 /* event1-1.jpg */,
				BAF5E4221734A08600D0E44A /* event1-2.jpeg */,
				BA05A950173311A300927C4F /* event1-3.jpg */,
				BA05A952173311AA00927C4F /* event1-4.jpg */,
				BAFAE15B172DE0BD00E09C35 /* event2-1.jpg */,
				BA05A9561733134600927C4F /* event2-2.jpg */,
				BA05A9541733133800927C4F /* event2-3.jpg */,
				BA05A9581733134F00927C4F /* event2-4.jpg */,
				BAA1FCE01725E28600E166B6 /* svaavatar.png */,
				BAA1FCE11725E28600E166B6 /* svaavatar@2x.png */,
			);
			name = "event-images";
			sourceTree = "<group>";
		};
		BAA1FD3F172604FF00E166B6 /* about-customCell */ = {
			isa = PBXGroup;
			children = (
				BAD56D6D1728A928002F5757 /* AboutLayout.h */,
				BAD56D6E1728A928002F5757 /* AboutLayout.m */,
				BAD56D6A1728A79A002F5757 /* AboutCollectionCell.h */,
				BAD56D6B1728A79A002F5757 /* AboutCollectionCell.m */,
				BAD56D701728AB2C002F5757 /* DetailCell.h */,
				BAD56D711728AB2C002F5757 /* DetailCell.m */,
				BAD56D721728AB2C002F5757 /* DetailCell.xib */,
				BAD56D781728ADAE002F5757 /* AboutMenuCell.xib */,
				BAD56D7A1728ADF5002F5757 /* AboutMenuCell.h */,
				BAD56D7B1728ADF5002F5757 /* AboutMenuCell.m */,
				BAD56D751728AB90002F5757 /* socailMenuCell.h */,
				BAD56D761728AB90002F5757 /* socailMenuCell.m */,
			);
			name = "about-customCell";
			sourceTree = "<group>";
		};
		BAA1FD451726071500E166B6 /* about-images */ = {
			isa = PBXGroup;
			children = (
				BAF5E41417345F2900D0E44A /* svabanner.png */,
				BAF5E41517345F2900D0E44A /* svabanner@2x.png */,
				BAF5E3EA173430F100D0E44A /* facebook.png */,
				BAF5E3EB173430F100D0E44A /* facebook@2x.png */,
				BAF5E3EC173430F100D0E44A /* soundcloud.png */,
				BAF5E3ED173430F100D0E44A /* soundcloud@2x.png */,
				BAF5E3EE173430F100D0E44A /* vimeo.png */,
				BAF5E3EF173430F100D0E44A /* vimeo@2x.png */,
				BAA1FD461726076900E166B6 /* about_view.png */,
				BAA1FD471726076900E166B6 /* about_view@2x.png */,
				BAF5E40017343D7D00D0E44A /* phone.png */,
				BAF5E40117343D7D00D0E44A /* phone@2x.png */,
			);
			name = "about-images";
			sourceTree = "<group>";
		};
		BAFAE152172DBE1100E09C35 /* mainViewCell */ = {
			isa = PBXGroup;
			children = (
				BAFAE158172DBFAF00E09C35 /* EventLayout.h */,
				BAFAE159172DBFAF00E09C35 /* EventLayout.m */,
				BAFAE153172DBE6E00E09C35 /* EventCell.h */,
				BAFAE154172DBE6E00E09C35 /* EventCell.m */,
				BAFAE156172DBED400E09C35 /* EventCell.xib */,
			);
			name = mainViewCell;
			sourceTree = "<group>";
		};
/* End PBXGroup section */

/* Begin PBXNativeTarget section */
		7F1F629516EE4DBA00018974 /* stourvalley */ = {
			isa = PBXNativeTarget;
			buildConfigurationList = 7F1F62B916EE4DBA00018974 /* Build configuration list for PBXNativeTarget "stourvalley" */;
			buildPhases = (
				7F1F629216EE4DBA00018974 /* Sources */,
				7F1F629316EE4DBA00018974 /* Frameworks */,
				7F1F629416EE4DBA00018974 /* Resources */,
				3D788F464B1A409D866C943E /* Copy Pods Resources */,
			);
			buildRules = (
			);
			dependencies = (
			);
			name = stourvalley;
			productName = stourvalley;
			productReference = 7F1F629616EE4DBA00018974 /* stourvalley.app */;
			productType = "com.apple.product-type.application";
		};
/* End PBXNativeTarget section */

/* Begin PBXProject section */
		7F1F628E16EE4DBA00018974 /* Project object */ = {
			isa = PBXProject;
			attributes = {
				CLASSPREFIX = SV;
				LastUpgradeCheck = 0460;
				ORGANIZATIONNAME = "Bassem Shaker";
			};
			buildConfigurationList = 7F1F629116EE4DBA00018974 /* Build configuration list for PBXProject "stourvalley" */;
			compatibilityVersion = "Xcode 3.2";
			developmentRegion = English;
			hasScannedForEncodings = 0;
			knownRegions = (
				en,
			);
			mainGroup = 7F1F628D16EE4DBA00018974;
			productRefGroup = 7F1F629716EE4DBA00018974 /* Products */;
			projectDirPath = "";
			projectRoot = "";
			targets = (
				7F1F629516EE4DBA00018974 /* stourvalley */,
			);
		};
/* End PBXProject section */

/* Begin PBXResourcesBuildPhase section */
		7F1F629416EE4DBA00018974 /* Resources */ = {
			isa = PBXResourcesBuildPhase;
			buildActionMask = 2147483647;
			files = (
				7F1F62A416EE4DBA00018974 /* InfoPlist.strings in Resources */,
				7F1F62AC16EE4DBA00018974 /* Default.png in Resources */,
				7F1F62AE16EE4DBA00018974 /* Default@2x.png in Resources */,
				7F1F62B016EE4DBA00018974 /* Default-568h@2x.png in Resources */,
				7F1F62FF16EF668300018974 /* SVAboutViewController.xib in Resources */,
				7F1F630616EF66BF00018974 /* SVMapViewController.xib in Resources */,
				7F1F630B16EF66CB00018974 /* SVEventsViewController.xib in Resources */,
				7F9C510716F725B800BAD5F7 /* list.png in Resources */,
				7F9C510816F725B800BAD5F7 /* list@2x.png in Resources */,
				BAA1FCB31725D84000E166B6 /* tablecell.xib in Resources */,
				BAA1FCBD1725DAE700E166B6 /* EventMenuCell.xib in Resources */,
				BAA1FCCA1725DD8400E166B6 /* collectionCell.xib in Resources */,
				BAA1FCD01725E1FA00E166B6 /* bookingIcon.png in Resources */,
				BAA1FCD11725E1FA00E166B6 /* bookingIcon@2x.png in Resources */,
				BAA1FCD91725E22100E166B6 /* directionIcon.png in Resources */,
				BAA1FCDA1725E22100E166B6 /* directionIcon@2x.png in Resources */,
				BAA1FCDB1725E22100E166B6 /* event-default.jpg in Resources */,
				BAA1FCDC1725E22100E166B6 /* event1-0.jpg in Resources */,
				BAA1FCDD1725E22100E166B6 /* event1-1.jpg in Resources */,
				BAA1FCE21725E28600E166B6 /* svaavatar.png in Resources */,
				BAA1FCE31725E28600E166B6 /* svaavatar@2x.png in Resources */,
				BAA1FD501726076900E166B6 /* about_view.png in Resources */,
				BAA1FD511726076900E166B6 /* about_view@2x.png in Resources */,
				BAD56D741728AB2C002F5757 /* DetailCell.xib in Resources */,
				BAD56D791728ADAE002F5757 /* AboutMenuCell.xib in Resources */,
				BAD56D861728CBB2002F5757 /* SVAWebView.xib in Resources */,
				BAFAE151172DB71F00E09C35 /* SVAEventDetailViewController.xib in Resources */,
				BAFAE157172DBED400E09C35 /* EventCell.xib in Resources */,
				BAFAE15C172DE0BD00E09C35 /* event2-1.jpg in Resources */,
				7F3C5B1A1730182A00793A2D /* navbar.jpg in Resources */,
				7F3C5B1B1730182A00793A2D /* navbar@2x.jpg in Resources */,
				7FCD9B3E1732C8C40088A654 /* stourvalley3.mbtiles in Resources */,
				BA05A951173311A300927C4F /* event1-3.jpg in Resources */,
				BA05A953173311AA00927C4F /* event1-4.jpg in Resources */,
				BA05A9551733133800927C4F /* event2-3.jpg in Resources */,
				BA05A9571733134600927C4F /* event2-2.jpg in Resources */,
				BA05A9591733134F00927C4F /* event2-4.jpg in Resources */,
				7F1DFD6B1733AB5600B1C860 /* menu-bg.png in Resources */,
				7F1DFD6C1733AB5600B1C860 /* menu-bg@2x.png in Resources */,
				7F1DFD701733BC9C00B1C860 /* SVMenuCell.xib in Resources */,
				BAF5E3F0173430F100D0E44A /* facebook.png in Resources */,
				BAF5E3F1173430F100D0E44A /* facebook@2x.png in Resources */,
				BAF5E3F2173430F100D0E44A /* soundcloud.png in Resources */,
				BAF5E3F3173430F100D0E44A /* soundcloud@2x.png in Resources */,
				BAF5E3F4173430F100D0E44A /* vimeo.png in Resources */,
				BAF5E3F5173430F100D0E44A /* vimeo@2x.png in Resources */,
				BAF5E40217343D7E00D0E44A /* phone.png in Resources */,
				BAF5E40317343D7E00D0E44A /* phone@2x.png in Resources */,
				BAF5E41617345F2900D0E44A /* svabanner.png in Resources */,
				BAF5E41717345F2900D0E44A /* svabanner@2x.png in Resources */,
				BAF5E41917349C5C00D0E44A /* event0-0.jpg in Resources */,
				BAF5E4201734A04100D0E44A /* event0-3.jpg in Resources */,
				BAF5E4211734A04100D0E44A /* event0-4.jpg in Resources */,
				BAF5E4231734A08800D0E44A /* event1-2.jpeg in Resources */,
				BAF5E4251734A1AA00D0E44A /* event0-1.jpg in Resources */,
				BAF5E4271734A1B600D0E44A /* event0-2.jpg in Resources */,
				BAF5E4291734ACA200D0E44A /* icon57.png in Resources */,
				BAF5E42B1734ACCB00D0E44A /* icon114.png in Resources */,
				BA0F021D17359EE300859A35 /* SVArtistsViewController.xib in Resources */,
				BA0F022C1735B4E600859A35 /* SVArtistsDetailViewController.xib in Resources */,
				BA0F022F1735C01400859A35 /* Mike Marshall-0.jpg in Resources */,
				BA0F02311735C93100859A35 /* Lee Patterson-0.jpg in Resources */,
				BA0F02331735C9E100859A35 /* Mike Marshall-avt.jpg in Resources */,
				BA0F02351735CAB900859A35 /* Lee Patterson-avt.jpg in Resources */,
				BA0F02371735CBF600859A35 /* London Fieldworks-avt.jpg in Resources */,
				BA0F02391735CCA900859A35 /* Bethan Huws-avt.jpg in Resources */,
				BA0F023B1735CDDD00859A35 /* London Fieldworks-0.jpg in Resources */,
				BA0F023D1735CE8400859A35 /* Bethan Huws-0.jpg in Resources */,
				BA0F023F1735D0A100859A35 /* Edward Chell-avt.jpg in Resources */,
				BA0F02411735D0B500859A35 /* Edward Chell-0.jpg in Resources */,
				BA0F02431735D1CB00859A35 /* Methew King-avt.jpg in Resources */,
				BA0F02451735D23A00859A35 /* Methew King-0.jpg in Resources */,
				BA0F02471735D32E00859A35 /* Christopher Jones-0.jpg in Resources */,
				BA0F024B1735D3DB00859A35 /* Jem Finer-avt.jpg in Resources */,
				BA0F024D1735D3EA00859A35 /* Jem Finer-0.jpg in Resources */,
				BA0F024F1735D47A00859A35 /* Christopher Jones-avt.jpg in Resources */,
				BA0F02511735D52400859A35 /* Jacques Nimki-0.jpg in Resources */,
				BA0F02531735D54D00859A35 /* Jacques Nimki-avt.jpg in Resources */,
				BA0F02551735D66900859A35 /* Peter Fillingham-avt.jpg in Resources */,
				BA0F02571735D6A400859A35 /* Peter Fillingham-0.jpg in Resources */,
				BA0F02591735D76C00859A35 /* Emily Richardson-avt.jpg in Resources */,
				BA0F025B1735D77C00859A35 /* Emily Richardson-0.jpg in Resources */,
				BA0F025D1735D8A100859A35 /* Edwina FitzPatrick-avt.jpg in Resources */,
				BA0F025F1735D8EE00859A35 /* Edwina FitzPatrick-0.jpg in Resources */,
				BA0F02611735D9C500859A35 /* Rosie Leventon-avt.jpg in Resources */,
				BA0F02631735D9E000859A35 /* Rosie Leventon-0.jpg in Resources */,
				BA0F02651735DAAF00859A35 /* Lukasz Skapski-avt.jpg in Resources */,
				BA0F02671735DAEF00859A35 /* Lukasz Skapski-0.jpg in Resources */,
				BA0F026B1735DE0500859A35 /* Richard Harris-avt.jpg in Resources */,
				BA0F026D1735DE1A00859A35 /* Richard Harris-0.jpg in Resources */,
				BA0F026F1735E13900859A35 /* Richard Harris-1.jpg in Resources */,
				BA0F02711735E1A800859A35 /* Richard Harris-2.jpg in Resources */,
				BA0F02731735E1AD00859A35 /* Richard Harris-3.jpg in Resources */,
				BA0F02751735E1BA00859A35 /* Richard Harris-4.jpg in Resources */,
				BA0F02771735E26600859A35 /* Lukasz Skapski-2.jpg in Resources */,
				BA0F02791735E28400859A35 /* Lukasz Skapski-1.jpg in Resources */,
				BA0F027B1735E28E00859A35 /* Lukasz Skapski-3.jpg in Resources */,
				BA0F027D1735E31E00859A35 /* Rosie Leventon-2.jpg in Resources */,
				BA0F027F1735E33000859A35 /* Rosie Leventon-1.jpg in Resources */,
				BA0F02811735E35900859A35 /* Rosie Leventon-3.jpg in Resources */,
				BA0F02831735E37400859A35 /* Rosie Leventon-4.jpg in Resources */,
				BA0F02851735E3EA00859A35 /* Edwina FitzPatrick-1.jpg in Resources */,
				BA0F02871735E44800859A35 /* Edwina FitzPatrick-2.jpg in Resources */,
				BA0F02891735E48D00859A35 /* Edwina FitzPatrick-3.jpg in Resources */,
				BA0F028B1735E4EE00859A35 /* Emily Richardson-1.jpg in Resources */,
				BA0F028D1735E4F700859A35 /* Emily Richardson-2.jpg in Resources */,
				BA0F028F1735E58900859A35 /* Peter Fillingham-1.jpg in Resources */,
				BA0F02911735E6DF00859A35 /* Jem Finer-1.jpg in Resources */,
				BA0F02931735E6E800859A35 /* Jem Finer-2.jpg in Resources */,
				BA0F02951735E78B00859A35 /* Jem Finer-3.jpg in Resources */,
				BA0F02971735E79200859A35 /* Jem Finer-4.jpg in Resources */,
				BA0F02991735E7CD00859A35 /* Christopher Jones-2.jpg in Resources */,
				BA0F029B1735E7D800859A35 /* Christopher Jones-1.jpg in Resources */,
				BA0F029D1735E7DF00859A35 /* Christopher Jones-3.jpg in Resources */,
				BA0F029F1735E84A00859A35 /* Christopher Jones-4.jpg in Resources */,
				BA0F02A11735E8C000859A35 /* Methew King-1.jpg in Resources */,
				BA0F02A31735E8CB00859A35 /* Methew King-2.jpg in Resources */,
				BA0F02A51735E8D700859A35 /* Methew King-3.jpg in Resources */,
				BA0F02A71735E8E100859A35 /* Methew King-4.jpg in Resources */,
				BA0F02A91735E94900859A35 /* Edward Chell-1.jpg in Resources */,
				BA0F02AB1735E95500859A35 /* Edward Chell-2.jpg in Resources */,
				BA0F02AE1735EAA100859A35 /* Lee Patterson-1.jpg in Resources */,
				BA0F02AF1735EAA100859A35 /* Lee Patterson-2.jpg in Resources */,
				BA0F02B11735EAC900859A35 /* Lee Patterson-4.jpg in Resources */,
				BA0F02B31735EAD100859A35 /* Lee Patterson-3.jpg in Resources */,
				BA0F02B51735EB3800859A35 /* Mike Marshall-1.jpg in Resources */,
				BA0F02B71735EB4100859A35 /* Mike Marshall-3.jpg in Resources */,
				BA0F02B91735EB4B00859A35 /* Mike Marshall-2.jpg in Resources */,
				BA0F02BB1735EC0700859A35 /* London Fieldworks-2.jpg in Resources */,
				BA0F02BD1735EC1300859A35 /* London Fieldworks-1.jpg in Resources */,
				BA0F02BF1735EC9600859A35 /* London Fieldworks-3.jpg in Resources */,
				BA0F02C11735ECED00859A35 /* Bethan Huws-1.jpg in Resources */,
				BA0F02C31735ED0D00859A35 /* Bethan Huws-2.jpg in Resources */,
				BA0F02C51735ED2400859A35 /* Bethan Huws-3.jpg in Resources */,
			);
			runOnlyForDeploymentPostprocessing = 0;
		};
/* End PBXResourcesBuildPhase section */

/* Begin PBXShellScriptBuildPhase section */
		3D788F464B1A409D866C943E /* Copy Pods Resources */ = {
			isa = PBXShellScriptBuildPhase;
			buildActionMask = 2147483647;
			files = (
			);
			inputPaths = (
			);
			name = "Copy Pods Resources";
			outputPaths = (
			);
			runOnlyForDeploymentPostprocessing = 0;
			shellPath = /bin/sh;
			shellScript = "\"${SRCROOT}/Pods/Pods-resources.sh\"\n";
		};
/* End PBXShellScriptBuildPhase section */

/* Begin PBXSourcesBuildPhase section */
		7F1F629216EE4DBA00018974 /* Sources */ = {
			isa = PBXSourcesBuildPhase;
			buildActionMask = 2147483647;
			files = (
				7F1F62A616EE4DBA00018974 /* main.m in Sources */,
				7F1F62AA16EE4DBA00018974 /* SVAppDelegate.m in Sources */,
				7F1F62FE16EF668300018974 /* SVAboutViewController.m in Sources */,
				7F1F630516EF66BF00018974 /* SVMapViewController.m in Sources */,
				7F9C50FD16F7210500BAD5F7 /* SVMenuViewController.m in Sources */,
				7F9C510E16F7275D00BAD5F7 /* SVMenuCell.m in Sources */,
				7F109E441700B716008C0048 /* Stourvalley.xcdatamodeld in Sources */,
				7F0C3E601720BDF000C28B59 /* SVMapboxViewController.m in Sources */,
				BAA1FC501724B25800E166B6 /* EventDataModel.m in Sources */,
				BAA1FC531724BCA400E166B6 /* SVEventsViewController.m in Sources */,
				BAA1FCAC1725D36E00E166B6 /* Event.m in Sources */,
				BAA1FCB21725D84000E166B6 /* tableCell.m in Sources */,
				BAA1FCB61725D88000E166B6 /* imageTableCell.m in Sources */,
				BAA1FCC01725DB6F00E166B6 /* EventMenuCell.m in Sources */,
				BAA1FCC51725DD4A00E166B6 /* imageCollectionView.m in Sources */,
				BAA1FCC91725DD8400E166B6 /* cellectionCell.m in Sources */,
				BAA1FCCD1725DDA900E166B6 /* imagesLayout.m in Sources */,
				BAD56CB817273EC8002F5757 /* ArtInstallation.m in Sources */,
				BAD56CBE172742AC002F5757 /* ArtInstallationDataModel.m in Sources */,
				BAD56D6C1728A79A002F5757 /* AboutCollectionCell.m in Sources */,
				BAD56D6F1728A928002F5757 /* AboutLayout.m in Sources */,
				BAD56D731728AB2C002F5757 /* DetailCell.m in Sources */,
				BAD56D771728AB90002F5757 /* socailMenuCell.m in Sources */,
				BAD56D7C1728ADF6002F5757 /* AboutMenuCell.m in Sources */,
				BAD56D851728CBB2002F5757 /* SVAWebView.m in Sources */,
				BA641F1117295AAD007F7E3A /* Artist.m in Sources */,
				BA641F1417295AF7007F7E3A /* ArtistDataModel.m in Sources */,
				BAFAE150172DB71F00E09C35 /* SVAEventDetailViewController.m in Sources */,
				BAFAE155172DBE6E00E09C35 /* EventCell.m in Sources */,
				BAFAE15A172DBFAF00E09C35 /* EventLayout.m in Sources */,
				BA0F021C17359EE300859A35 /* SVArtistsViewController.m in Sources */,
				BA0F022B1735B4E600859A35 /* SVArtistsDetailViewController.m in Sources */,
			);
			runOnlyForDeploymentPostprocessing = 0;
		};
/* End PBXSourcesBuildPhase section */

/* Begin PBXVariantGroup section */
		7F1F62A216EE4DBA00018974 /* InfoPlist.strings */ = {
			isa = PBXVariantGroup;
			children = (
				7F1F62A316EE4DBA00018974 /* en */,
			);
			name = InfoPlist.strings;
			sourceTree = "<group>";
		};
/* End PBXVariantGroup section */

/* Begin XCBuildConfiguration section */
		7F1F62B716EE4DBA00018974 /* Debug */ = {
			isa = XCBuildConfiguration;
			buildSettings = {
				ALWAYS_SEARCH_USER_PATHS = NO;
				CLANG_CXX_LANGUAGE_STANDARD = "gnu++0x";
				CLANG_CXX_LIBRARY = "libc++";
				CLANG_ENABLE_OBJC_ARC = YES;
				CLANG_WARN_CONSTANT_CONVERSION = YES;
				CLANG_WARN_EMPTY_BODY = YES;
				CLANG_WARN_ENUM_CONVERSION = YES;
				CLANG_WARN_INT_CONVERSION = YES;
				CLANG_WARN__DUPLICATE_METHOD_MATCH = YES;
				"CODE_SIGN_IDENTITY[sdk=iphoneos*]" = "iPhone Developer";
				COPY_PHASE_STRIP = NO;
				GCC_C_LANGUAGE_STANDARD = gnu99;
				GCC_DYNAMIC_NO_PIC = NO;
				GCC_OPTIMIZATION_LEVEL = 0;
				GCC_PREPROCESSOR_DEFINITIONS = (
					"DEBUG=1",
					"$(inherited)",
				);
				GCC_SYMBOLS_PRIVATE_EXTERN = NO;
				GCC_WARN_ABOUT_RETURN_TYPE = YES;
				GCC_WARN_UNINITIALIZED_AUTOS = YES;
				GCC_WARN_UNUSED_VARIABLE = YES;
				IPHONEOS_DEPLOYMENT_TARGET = 6.1;
				ONLY_ACTIVE_ARCH = YES;
				SDKROOT = iphoneos;
			};
			name = Debug;
		};
		7F1F62B816EE4DBA00018974 /* Release */ = {
			isa = XCBuildConfiguration;
			buildSettings = {
				ALWAYS_SEARCH_USER_PATHS = NO;
				CLANG_CXX_LANGUAGE_STANDARD = "gnu++0x";
				CLANG_CXX_LIBRARY = "libc++";
				CLANG_ENABLE_OBJC_ARC = YES;
				CLANG_WARN_CONSTANT_CONVERSION = YES;
				CLANG_WARN_EMPTY_BODY = YES;
				CLANG_WARN_ENUM_CONVERSION = YES;
				CLANG_WARN_INT_CONVERSION = YES;
				CLANG_WARN__DUPLICATE_METHOD_MATCH = YES;
				"CODE_SIGN_IDENTITY[sdk=iphoneos*]" = "iPhone Developer";
				COPY_PHASE_STRIP = YES;
				GCC_C_LANGUAGE_STANDARD = gnu99;
				GCC_WARN_ABOUT_RETURN_TYPE = YES;
				GCC_WARN_UNINITIALIZED_AUTOS = YES;
				GCC_WARN_UNUSED_VARIABLE = YES;
				IPHONEOS_DEPLOYMENT_TARGET = 6.1;
				OTHER_CFLAGS = "-DNS_BLOCK_ASSERTIONS=1";
				SDKROOT = iphoneos;
				VALIDATE_PRODUCT = YES;
			};
			name = Release;
		};
		7F1F62BA16EE4DBA00018974 /* Debug */ = {
			isa = XCBuildConfiguration;
			baseConfigurationReference = FD017F1215EF4B949E75B2F9 /* Pods.xcconfig */;
			buildSettings = {
				ARCHS = armv7;
				GCC_PRECOMPILE_PREFIX_HEADER = YES;
				GCC_PREFIX_HEADER = "stourvalley/stourvalley-Prefix.pch";
				INFOPLIST_FILE = "stourvalley/stourvalley-Info.plist";
				LIBRARY_SEARCH_PATHS = (
					"$(inherited)",
					"\"$(SRCROOT)/Pods/MapBox/Proj4\"",
				);
				PRODUCT_NAME = "$(TARGET_NAME)";
				WRAPPER_EXTENSION = app;
			};
			name = Debug;
		};
		7F1F62BB16EE4DBA00018974 /* Release */ = {
			isa = XCBuildConfiguration;
			baseConfigurationReference = FD017F1215EF4B949E75B2F9 /* Pods.xcconfig */;
			buildSettings = {
				ARCHS = armv7;
				GCC_PRECOMPILE_PREFIX_HEADER = YES;
				GCC_PREFIX_HEADER = "stourvalley/stourvalley-Prefix.pch";
				INFOPLIST_FILE = "stourvalley/stourvalley-Info.plist";
				LIBRARY_SEARCH_PATHS = (
					"$(inherited)",
					"\"$(SRCROOT)/Pods/MapBox/Proj4\"",
				);
				PRODUCT_NAME = "$(TARGET_NAME)";
				WRAPPER_EXTENSION = app;
			};
			name = Release;
		};
/* End XCBuildConfiguration section */

/* Begin XCConfigurationList section */
		7F1F629116EE4DBA00018974 /* Build configuration list for PBXProject "stourvalley" */ = {
			isa = XCConfigurationList;
			buildConfigurations = (
				7F1F62B716EE4DBA00018974 /* Debug */,
				7F1F62B816EE4DBA00018974 /* Release */,
			);
			defaultConfigurationIsVisible = 0;
			defaultConfigurationName = Release;
		};
		7F1F62B916EE4DBA00018974 /* Build configuration list for PBXNativeTarget "stourvalley" */ = {
			isa = XCConfigurationList;
			buildConfigurations = (
				7F1F62BA16EE4DBA00018974 /* Debug */,
				7F1F62BB16EE4DBA00018974 /* Release */,
			);
			defaultConfigurationIsVisible = 0;
			defaultConfigurationName = Release;
		};
/* End XCConfigurationList section */

/* Begin XCVersionGroup section */
		7F109E421700B716008C0048 /* Stourvalley.xcdatamodeld */ = {
			isa = XCVersionGroup;
			children = (
				7F109E431700B716008C0048 /* Stourvalley.xcdatamodel */,
			);
			currentVersion = 7F109E431700B716008C0048 /* Stourvalley.xcdatamodel */;
			path = Stourvalley.xcdatamodeld;
			sourceTree = "<group>";
			versionGroupType = wrapper.xcdatamodel;
		};
/* End XCVersionGroup section */
	};
	rootObject = 7F1F628E16EE4DBA00018974 /* Project object */;
}
