// !$*UTF8*$!
{
	archiveVersion = 1;
	classes = {
	};
	objectVersion = 46;
	objects = {

/* Begin PBXBuildFile section */
		25EAD3C28D1E40998AEB958C /* libPods.a in Frameworks */ = {isa = PBXBuildFile; fileRef = FDFB84CA4F32455DA4A4A79D /* libPods.a */; };
		7F109E411700B6A6008C0048 /* CoreData.framework in Frameworks */ = {isa = PBXBuildFile; fileRef = 7F109E401700B6A6008C0048 /* CoreData.framework */; };
		7F109E441700B716008C0048 /* Stourvalley.xcdatamodeld in Sources */ = {isa = PBXBuildFile; fileRef = 7F109E421700B716008C0048 /* Stourvalley.xcdatamodeld */; };
		7F109E481700BFE7008C0048 /* SVArtist.m in Sources */ = {isa = PBXBuildFile; fileRef = 7F109E471700BFE7008C0048 /* SVArtist.m */; };
		7F109E4B1700C0B1008C0048 /* SVArtInstallation.m in Sources */ = {isa = PBXBuildFile; fileRef = 7F109E4A1700C0B1008C0048 /* SVArtInstallation.m */; };
		7F1F629A16EE4DBA00018974 /* UIKit.framework in Frameworks */ = {isa = PBXBuildFile; fileRef = 7F1F629916EE4DBA00018974 /* UIKit.framework */; };
		7F1F629C16EE4DBA00018974 /* Foundation.framework in Frameworks */ = {isa = PBXBuildFile; fileRef = 7F1F629B16EE4DBA00018974 /* Foundation.framework */; };
		7F1F629E16EE4DBA00018974 /* CoreGraphics.framework in Frameworks */ = {isa = PBXBuildFile; fileRef = 7F1F629D16EE4DBA00018974 /* CoreGraphics.framework */; };
		7F1F62A416EE4DBA00018974 /* InfoPlist.strings in Resources */ = {isa = PBXBuildFile; fileRef = 7F1F62A216EE4DBA00018974 /* InfoPlist.strings */; };
		7F1F62A616EE4DBA00018974 /* main.m in Sources */ = {isa = PBXBuildFile; fileRef = 7F1F62A516EE4DBA00018974 /* main.m */; };
		7F1F62AA16EE4DBA00018974 /* SVAppDelegate.m in Sources */ = {isa = PBXBuildFile; fileRef = 7F1F62A916EE4DBA00018974 /* SVAppDelegate.m */; };
		7F1F62AC16EE4DBA00018974 /* Default.png in Resources */ = {isa = PBXBuildFile; fileRef = 7F1F62AB16EE4DBA00018974 /* Default.png */; };
		7F1F62AE16EE4DBA00018974 /* Default@2x.png in Resources */ = {isa = PBXBuildFile; fileRef = 7F1F62AD16EE4DBA00018974 /* Default@2x.png */; };
		7F1F62B016EE4DBA00018974 /* Default-568h@2x.png in Resources */ = {isa = PBXBuildFile; fileRef = 7F1F62AF16EE4DBA00018974 /* Default-568h@2x.png */; };
		7F1F62FE16EF668300018974 /* SVAboutViewController.m in Sources */ = {isa = PBXBuildFile; fileRef = 7F1F62FC16EF668300018974 /* SVAboutViewController.m */; };
		7F1F62FF16EF668300018974 /* SVAboutViewController.xib in Resources */ = {isa = PBXBuildFile; fileRef = 7F1F62FD16EF668300018974 /* SVAboutViewController.xib */; };
		7F1F630516EF66BF00018974 /* SVMapViewController.m in Sources */ = {isa = PBXBuildFile; fileRef = 7F1F630316EF66BF00018974 /* SVMapViewController.m */; };
		7F1F630616EF66BF00018974 /* SVMapViewController.xib in Resources */ = {isa = PBXBuildFile; fileRef = 7F1F630416EF66BF00018974 /* SVMapViewController.xib */; };
		7F1F630A16EF66CB00018974 /* SVEventsViewController.m in Sources */ = {isa = PBXBuildFile; fileRef = 7F1F630816EF66CB00018974 /* SVEventsViewController.m */; };
		7F1F630B16EF66CB00018974 /* SVEventsViewController.xib in Resources */ = {isa = PBXBuildFile; fileRef = 7F1F630916EF66CB00018974 /* SVEventsViewController.xib */; };
		7F9C50FD16F7210500BAD5F7 /* SVMenuViewController.m in Sources */ = {isa = PBXBuildFile; fileRef = 7F9C50FB16F7210500BAD5F7 /* SVMenuViewController.m */; };
		7F9C510716F725B800BAD5F7 /* list.png in Resources */ = {isa = PBXBuildFile; fileRef = 7F9C510516F725B800BAD5F7 /* list.png */; };
		7F9C510816F725B800BAD5F7 /* list@2x.png in Resources */ = {isa = PBXBuildFile; fileRef = 7F9C510616F725B800BAD5F7 /* list@2x.png */; };
		7F9C510B16F7269000BAD5F7 /* MenuCell.xib in Resources */ = {isa = PBXBuildFile; fileRef = 7F9C510A16F7269000BAD5F7 /* MenuCell.xib */; };
		7F9C510E16F7275D00BAD5F7 /* SVMenuCell.m in Sources */ = {isa = PBXBuildFile; fileRef = 7F9C510D16F7275D00BAD5F7 /* SVMenuCell.m */; };
		7F9C511016F74B6D00BAD5F7 /* MapKit.framework in Frameworks */ = {isa = PBXBuildFile; fileRef = 7F9C510F16F74B6D00BAD5F7 /* MapKit.framework */; };
		7F9C511216F7679B00BAD5F7 /* CoreLocation.framework in Frameworks */ = {isa = PBXBuildFile; fileRef = 7F9C511116F7679B00BAD5F7 /* CoreLocation.framework */; };
/* End PBXBuildFile section */

/* Begin PBXFileReference section */
		7F109E401700B6A6008C0048 /* CoreData.framework */ = {isa = PBXFileReference; lastKnownFileType = wrapper.framework; name = CoreData.framework; path = System/Library/Frameworks/CoreData.framework; sourceTree = SDKROOT; };
		7F109E431700B716008C0048 /* Stourvalley.xcdatamodel */ = {isa = PBXFileReference; lastKnownFileType = wrapper.xcdatamodel; path = Stourvalley.xcdatamodel; sourceTree = "<group>"; };
		7F109E461700BFE7008C0048 /* SVArtist.h */ = {isa = PBXFileReference; fileEncoding = 4; lastKnownFileType = sourcecode.c.h; path = SVArtist.h; sourceTree = "<group>"; };
		7F109E471700BFE7008C0048 /* SVArtist.m */ = {isa = PBXFileReference; fileEncoding = 4; lastKnownFileType = sourcecode.c.objc; path = SVArtist.m; sourceTree = "<group>"; };
		7F109E491700C0B1008C0048 /* SVArtInstallation.h */ = {isa = PBXFileReference; fileEncoding = 4; lastKnownFileType = sourcecode.c.h; path = SVArtInstallation.h; sourceTree = "<group>"; };
		7F109E4A1700C0B1008C0048 /* SVArtInstallation.m */ = {isa = PBXFileReference; fileEncoding = 4; lastKnownFileType = sourcecode.c.objc; path = SVArtInstallation.m; sourceTree = "<group>"; };
		7F1F629616EE4DBA00018974 /* stourvalley.app */ = {isa = PBXFileReference; explicitFileType = wrapper.application; includeInIndex = 0; path = stourvalley.app; sourceTree = BUILT_PRODUCTS_DIR; };
		7F1F629916EE4DBA00018974 /* UIKit.framework */ = {isa = PBXFileReference; lastKnownFileType = wrapper.framework; name = UIKit.framework; path = System/Library/Frameworks/UIKit.framework; sourceTree = SDKROOT; };
		7F1F629B16EE4DBA00018974 /* Foundation.framework */ = {isa = PBXFileReference; lastKnownFileType = wrapper.framework; name = Foundation.framework; path = System/Library/Frameworks/Foundation.framework; sourceTree = SDKROOT; };
		7F1F629D16EE4DBA00018974 /* CoreGraphics.framework */ = {isa = PBXFileReference; lastKnownFileType = wrapper.framework; name = CoreGraphics.framework; path = System/Library/Frameworks/CoreGraphics.framework; sourceTree = SDKROOT; };
		7F1F62A116EE4DBA00018974 /* stourvalley-Info.plist */ = {isa = PBXFileReference; lastKnownFileType = text.plist.xml; path = "stourvalley-Info.plist"; sourceTree = "<group>"; };
		7F1F62A316EE4DBA00018974 /* en */ = {isa = PBXFileReference; lastKnownFileType = text.plist.strings; name = en; path = en.lproj/InfoPlist.strings; sourceTree = "<group>"; };
		7F1F62A516EE4DBA00018974 /* main.m */ = {isa = PBXFileReference; lastKnownFileType = sourcecode.c.objc; path = main.m; sourceTree = "<group>"; };
		7F1F62A716EE4DBA00018974 /* stourvalley-Prefix.pch */ = {isa = PBXFileReference; lastKnownFileType = sourcecode.c.h; path = "stourvalley-Prefix.pch"; sourceTree = "<group>"; };
		7F1F62A816EE4DBA00018974 /* SVAppDelegate.h */ = {isa = PBXFileReference; lastKnownFileType = sourcecode.c.h; path = SVAppDelegate.h; sourceTree = "<group>"; };
		7F1F62A916EE4DBA00018974 /* SVAppDelegate.m */ = {isa = PBXFileReference; lastKnownFileType = sourcecode.c.objc; path = SVAppDelegate.m; sourceTree = "<group>"; };
		7F1F62AB16EE4DBA00018974 /* Default.png */ = {isa = PBXFileReference; lastKnownFileType = image.png; path = Default.png; sourceTree = "<group>"; };
		7F1F62AD16EE4DBA00018974 /* Default@2x.png */ = {isa = PBXFileReference; lastKnownFileType = image.png; path = "Default@2x.png"; sourceTree = "<group>"; };
		7F1F62AF16EE4DBA00018974 /* Default-568h@2x.png */ = {isa = PBXFileReference; lastKnownFileType = image.png; path = "Default-568h@2x.png"; sourceTree = "<group>"; };
		7F1F62FB16EF668300018974 /* SVAboutViewController.h */ = {isa = PBXFileReference; fileEncoding = 4; lastKnownFileType = sourcecode.c.h; path = SVAboutViewController.h; sourceTree = "<group>"; };
		7F1F62FC16EF668300018974 /* SVAboutViewController.m */ = {isa = PBXFileReference; fileEncoding = 4; lastKnownFileType = sourcecode.c.objc; path = SVAboutViewController.m; sourceTree = "<group>"; };
		7F1F62FD16EF668300018974 /* SVAboutViewController.xib */ = {isa = PBXFileReference; fileEncoding = 4; lastKnownFileType = file.xib; path = SVAboutViewController.xib; sourceTree = "<group>"; };
		7F1F630216EF66BF00018974 /* SVMapViewController.h */ = {isa = PBXFileReference; fileEncoding = 4; lastKnownFileType = sourcecode.c.h; path = SVMapViewController.h; sourceTree = "<group>"; };
		7F1F630316EF66BF00018974 /* SVMapViewController.m */ = {isa = PBXFileReference; fileEncoding = 4; lastKnownFileType = sourcecode.c.objc; path = SVMapViewController.m; sourceTree = "<group>"; };
		7F1F630416EF66BF00018974 /* SVMapViewController.xib */ = {isa = PBXFileReference; fileEncoding = 4; lastKnownFileType = file.xib; path = SVMapViewController.xib; sourceTree = "<group>"; };
		7F1F630716EF66CB00018974 /* SVEventsViewController.h */ = {isa = PBXFileReference; fileEncoding = 4; lastKnownFileType = sourcecode.c.h; path = SVEventsViewController.h; sourceTree = "<group>"; };
		7F1F630816EF66CB00018974 /* SVEventsViewController.m */ = {isa = PBXFileReference; fileEncoding = 4; lastKnownFileType = sourcecode.c.objc; path = SVEventsViewController.m; sourceTree = "<group>"; };
		7F1F630916EF66CB00018974 /* SVEventsViewController.xib */ = {isa = PBXFileReference; fileEncoding = 4; lastKnownFileType = file.xib; path = SVEventsViewController.xib; sourceTree = "<group>"; };
		7F9C50FA16F7210500BAD5F7 /* SVMenuViewController.h */ = {isa = PBXFileReference; fileEncoding = 4; lastKnownFileType = sourcecode.c.h; path = SVMenuViewController.h; sourceTree = "<group>"; };
		7F9C50FB16F7210500BAD5F7 /* SVMenuViewController.m */ = {isa = PBXFileReference; fileEncoding = 4; lastKnownFileType = sourcecode.c.objc; path = SVMenuViewController.m; sourceTree = "<group>"; };
		7F9C510516F725B800BAD5F7 /* list.png */ = {isa = PBXFileReference; lastKnownFileType = image.png; path = list.png; sourceTree = "<group>"; };
		7F9C510616F725B800BAD5F7 /* list@2x.png */ = {isa = PBXFileReference; lastKnownFileType = image.png; path = "list@2x.png"; sourceTree = "<group>"; };
		7F9C510A16F7269000BAD5F7 /* MenuCell.xib */ = {isa = PBXFileReference; fileEncoding = 4; lastKnownFileType = file.xib; path = MenuCell.xib; sourceTree = "<group>"; };
		7F9C510C16F7275D00BAD5F7 /* SVMenuCell.h */ = {isa = PBXFileReference; fileEncoding = 4; lastKnownFileType = sourcecode.c.h; path = SVMenuCell.h; sourceTree = "<group>"; };
		7F9C510D16F7275D00BAD5F7 /* SVMenuCell.m */ = {isa = PBXFileReference; fileEncoding = 4; lastKnownFileType = sourcecode.c.objc; path = SVMenuCell.m; sourceTree = "<group>"; };
		7F9C510F16F74B6D00BAD5F7 /* MapKit.framework */ = {isa = PBXFileReference; lastKnownFileType = wrapper.framework; name = MapKit.framework; path = System/Library/Frameworks/MapKit.framework; sourceTree = SDKROOT; };
		7F9C511116F7679B00BAD5F7 /* CoreLocation.framework */ = {isa = PBXFileReference; lastKnownFileType = wrapper.framework; name = CoreLocation.framework; path = System/Library/Frameworks/CoreLocation.framework; sourceTree = SDKROOT; };
		FD017F1215EF4B949E75B2F9 /* Pods.xcconfig */ = {isa = PBXFileReference; includeInIndex = 1; lastKnownFileType = text.xcconfig; name = Pods.xcconfig; path = Pods/Pods.xcconfig; sourceTree = SOURCE_ROOT; };
		FDFB84CA4F32455DA4A4A79D /* libPods.a */ = {isa = PBXFileReference; explicitFileType = archive.ar; includeInIndex = 0; path = libPods.a; sourceTree = BUILT_PRODUCTS_DIR; };
/* End PBXFileReference section */

/* Begin PBXFrameworksBuildPhase section */
		7F1F629316EE4DBA00018974 /* Frameworks */ = {
			isa = PBXFrameworksBuildPhase;
			buildActionMask = 2147483647;
			files = (
				7F109E411700B6A6008C0048 /* CoreData.framework in Frameworks */,
				7F9C511216F7679B00BAD5F7 /* CoreLocation.framework in Frameworks */,
				7F9C511016F74B6D00BAD5F7 /* MapKit.framework in Frameworks */,
				7F1F629A16EE4DBA00018974 /* UIKit.framework in Frameworks */,
				7F1F629C16EE4DBA00018974 /* Foundation.framework in Frameworks */,
				7F1F629E16EE4DBA00018974 /* CoreGraphics.framework in Frameworks */,
				25EAD3C28D1E40998AEB958C /* libPods.a in Frameworks */,
			);
			runOnlyForDeploymentPostprocessing = 0;
		};
/* End PBXFrameworksBuildPhase section */

/* Begin PBXGroup section */
		7F109E451700BFBB008C0048 /* Model Class */ = {
			isa = PBXGroup;
			children = (
				7F109E461700BFE7008C0048 /* SVArtist.h */,
				7F109E471700BFE7008C0048 /* SVArtist.m */,
				7F109E491700C0B1008C0048 /* SVArtInstallation.h */,
				7F109E4A1700C0B1008C0048 /* SVArtInstallation.m */,
			);
			name = "Model Class";
			sourceTree = "<group>";
		};
		7F1F628D16EE4DBA00018974 = {
			isa = PBXGroup;
			children = (
				7F109E401700B6A6008C0048 /* CoreData.framework */,
				7F1F629F16EE4DBA00018974 /* stourvalley */,
				7F1F629816EE4DBA00018974 /* Frameworks */,
				7F1F629716EE4DBA00018974 /* Products */,
				FD017F1215EF4B949E75B2F9 /* Pods.xcconfig */,
			);
			sourceTree = "<group>";
		};
		7F1F629716EE4DBA00018974 /* Products */ = {
			isa = PBXGroup;
			children = (
				7F1F629616EE4DBA00018974 /* stourvalley.app */,
			);
			name = Products;
			sourceTree = "<group>";
		};
		7F1F629816EE4DBA00018974 /* Frameworks */ = {
			isa = PBXGroup;
			children = (
				7F9C511116F7679B00BAD5F7 /* CoreLocation.framework */,
				7F9C510F16F74B6D00BAD5F7 /* MapKit.framework */,
				7F1F629916EE4DBA00018974 /* UIKit.framework */,
				7F1F629B16EE4DBA00018974 /* Foundation.framework */,
				7F1F629D16EE4DBA00018974 /* CoreGraphics.framework */,
				FDFB84CA4F32455DA4A4A79D /* libPods.a */,
			);
			name = Frameworks;
			sourceTree = "<group>";
		};
		7F1F629F16EE4DBA00018974 /* stourvalley */ = {
			isa = PBXGroup;
			children = (
				7F109E451700BFBB008C0048 /* Model Class */,
				7F9C510416F725AD00BAD5F7 /* Images */,
				7F9C50F916F720E300BAD5F7 /* Menu */,
				7F1F630116EF66A900018974 /* Map */,
				7F1F630016EF66A300018974 /* Events */,
				7F1F62FA16EF667200018974 /* About */,
				7F1F62A816EE4DBA00018974 /* SVAppDelegate.h */,
				7F1F62A916EE4DBA00018974 /* SVAppDelegate.m */,
				7F1F62A016EE4DBA00018974 /* Supporting Files */,
			);
			path = stourvalley;
			sourceTree = "<group>";
		};
		7F1F62A016EE4DBA00018974 /* Supporting Files */ = {
			isa = PBXGroup;
			children = (
				7F1F62A116EE4DBA00018974 /* stourvalley-Info.plist */,
				7F1F62A216EE4DBA00018974 /* InfoPlist.strings */,
				7F1F62A516EE4DBA00018974 /* main.m */,
				7F1F62A716EE4DBA00018974 /* stourvalley-Prefix.pch */,
				7F1F62AB16EE4DBA00018974 /* Default.png */,
				7F1F62AD16EE4DBA00018974 /* Default@2x.png */,
				7F1F62AF16EE4DBA00018974 /* Default-568h@2x.png */,
				7F109E421700B716008C0048 /* Stourvalley.xcdatamodeld */,
			);
			name = "Supporting Files";
			sourceTree = "<group>";
		};
		7F1F62FA16EF667200018974 /* About */ = {
			isa = PBXGroup;
			children = (
				7F1F62FB16EF668300018974 /* SVAboutViewController.h */,
				7F1F62FC16EF668300018974 /* SVAboutViewController.m */,
				7F1F62FD16EF668300018974 /* SVAboutViewController.xib */,
			);
			name = About;
			sourceTree = "<group>";
		};
		7F1F630016EF66A300018974 /* Events */ = {
			isa = PBXGroup;
			children = (
				7F1F630716EF66CB00018974 /* SVEventsViewController.h */,
				7F1F630816EF66CB00018974 /* SVEventsViewController.m */,
				7F1F630916EF66CB00018974 /* SVEventsViewController.xib */,
			);
			name = Events;
			sourceTree = "<group>";
		};
		7F1F630116EF66A900018974 /* Map */ = {
			isa = PBXGroup;
			children = (
				7F1F630216EF66BF00018974 /* SVMapViewController.h */,
				7F1F630316EF66BF00018974 /* SVMapViewController.m */,
				7F1F630416EF66BF00018974 /* SVMapViewController.xib */,
			);
			name = Map;
			sourceTree = "<group>";
		};
		7F9C50F916F720E300BAD5F7 /* Menu */ = {
			isa = PBXGroup;
			children = (
				7F9C510916F7267A00BAD5F7 /* Cells */,
				7F9C50FA16F7210500BAD5F7 /* SVMenuViewController.h */,
				7F9C50FB16F7210500BAD5F7 /* SVMenuViewController.m */,
			);
			name = Menu;
			sourceTree = "<group>";
		};
		7F9C510416F725AD00BAD5F7 /* Images */ = {
			isa = PBXGroup;
			children = (
				7F9C510516F725B800BAD5F7 /* list.png */,
				7F9C510616F725B800BAD5F7 /* list@2x.png */,
			);
			name = Images;
			sourceTree = "<group>";
		};
		7F9C510916F7267A00BAD5F7 /* Cells */ = {
			isa = PBXGroup;
			children = (
				7F9C510A16F7269000BAD5F7 /* MenuCell.xib */,
				7F9C510C16F7275D00BAD5F7 /* SVMenuCell.h */,
				7F9C510D16F7275D00BAD5F7 /* SVMenuCell.m */,
			);
			name = Cells;
			sourceTree = "<group>";
		};
/* End PBXGroup section */

/* Begin PBXNativeTarget section */
		7F1F629516EE4DBA00018974 /* stourvalley */ = {
			isa = PBXNativeTarget;
			buildConfigurationList = 7F1F62B916EE4DBA00018974 /* Build configuration list for PBXNativeTarget "stourvalley" */;
			buildPhases = (
				7F1F629216EE4DBA00018974 /* Sources */,
				7F1F629316EE4DBA00018974 /* Frameworks */,
				7F1F629416EE4DBA00018974 /* Resources */,
				3D788F464B1A409D866C943E /* Copy Pods Resources */,
			);
			buildRules = (
			);
			dependencies = (
			);
			name = stourvalley;
			productName = stourvalley;
			productReference = 7F1F629616EE4DBA00018974 /* stourvalley.app */;
			productType = "com.apple.product-type.application";
		};
/* End PBXNativeTarget section */

/* Begin PBXProject section */
		7F1F628E16EE4DBA00018974 /* Project object */ = {
			isa = PBXProject;
			attributes = {
				CLASSPREFIX = SV;
				LastUpgradeCheck = 0460;
				ORGANIZATIONNAME = "Bassem Shaker";
			};
			buildConfigurationList = 7F1F629116EE4DBA00018974 /* Build configuration list for PBXProject "stourvalley" */;
			compatibilityVersion = "Xcode 3.2";
			developmentRegion = English;
			hasScannedForEncodings = 0;
			knownRegions = (
				en,
			);
			mainGroup = 7F1F628D16EE4DBA00018974;
			productRefGroup = 7F1F629716EE4DBA00018974 /* Products */;
			projectDirPath = "";
			projectRoot = "";
			targets = (
				7F1F629516EE4DBA00018974 /* stourvalley */,
			);
		};
/* End PBXProject section */

/* Begin PBXResourcesBuildPhase section */
		7F1F629416EE4DBA00018974 /* Resources */ = {
			isa = PBXResourcesBuildPhase;
			buildActionMask = 2147483647;
			files = (
				7F1F62A416EE4DBA00018974 /* InfoPlist.strings in Resources */,
				7F1F62AC16EE4DBA00018974 /* Default.png in Resources */,
				7F1F62AE16EE4DBA00018974 /* Default@2x.png in Resources */,
				7F1F62B016EE4DBA00018974 /* Default-568h@2x.png in Resources */,
				7F1F62FF16EF668300018974 /* SVAboutViewController.xib in Resources */,
				7F1F630616EF66BF00018974 /* SVMapViewController.xib in Resources */,
				7F1F630B16EF66CB00018974 /* SVEventsViewController.xib in Resources */,
				7F9C510716F725B800BAD5F7 /* list.png in Resources */,
				7F9C510816F725B800BAD5F7 /* list@2x.png in Resources */,
				7F9C510B16F7269000BAD5F7 /* MenuCell.xib in Resources */,
			);
			runOnlyForDeploymentPostprocessing = 0;
		};
/* End PBXResourcesBuildPhase section */

/* Begin PBXShellScriptBuildPhase section */
		3D788F464B1A409D866C943E /* Copy Pods Resources */ = {
			isa = PBXShellScriptBuildPhase;
			buildActionMask = 2147483647;
			files = (
			);
			inputPaths = (
			);
			name = "Copy Pods Resources";
			outputPaths = (
			);
			runOnlyForDeploymentPostprocessing = 0;
			shellPath = /bin/sh;
			shellScript = "\"${SRCROOT}/Pods/Pods-resources.sh\"\n";
		};
/* End PBXShellScriptBuildPhase section */

/* Begin PBXSourcesBuildPhase section */
		7F1F629216EE4DBA00018974 /* Sources */ = {
			isa = PBXSourcesBuildPhase;
			buildActionMask = 2147483647;
			files = (
				7F1F62A616EE4DBA00018974 /* main.m in Sources */,
				7F1F62AA16EE4DBA00018974 /* SVAppDelegate.m in Sources */,
				7F1F62FE16EF668300018974 /* SVAboutViewController.m in Sources */,
				7F1F630516EF66BF00018974 /* SVMapViewController.m in Sources */,
				7F1F630A16EF66CB00018974 /* SVEventsViewController.m in Sources */,
				7F9C50FD16F7210500BAD5F7 /* SVMenuViewController.m in Sources */,
				7F9C510E16F7275D00BAD5F7 /* SVMenuCell.m in Sources */,
				7F109E441700B716008C0048 /* Stourvalley.xcdatamodeld in Sources */,
				7F109E481700BFE7008C0048 /* SVArtist.m in Sources */,
				7F109E4B1700C0B1008C0048 /* SVArtInstallation.m in Sources */,
			);
			runOnlyForDeploymentPostprocessing = 0;
		};
/* End PBXSourcesBuildPhase section */

/* Begin PBXVariantGroup section */
		7F1F62A216EE4DBA00018974 /* InfoPlist.strings */ = {
			isa = PBXVariantGroup;
			children = (
				7F1F62A316EE4DBA00018974 /* en */,
			);
			name = InfoPlist.strings;
			sourceTree = "<group>";
		};
/* End PBXVariantGroup section */

/* Begin XCBuildConfiguration section */
		7F1F62B716EE4DBA00018974 /* Debug */ = {
			isa = XCBuildConfiguration;
			buildSettings = {
				ALWAYS_SEARCH_USER_PATHS = NO;
				CLANG_CXX_LANGUAGE_STANDARD = "gnu++0x";
				CLANG_CXX_LIBRARY = "libc++";
				CLANG_ENABLE_OBJC_ARC = YES;
				CLANG_WARN_CONSTANT_CONVERSION = YES;
				CLANG_WARN_EMPTY_BODY = YES;
				CLANG_WARN_ENUM_CONVERSION = YES;
				CLANG_WARN_INT_CONVERSION = YES;
				CLANG_WARN__DUPLICATE_METHOD_MATCH = YES;
				"CODE_SIGN_IDENTITY[sdk=iphoneos*]" = "iPhone Developer";
				COPY_PHASE_STRIP = NO;
				GCC_C_LANGUAGE_STANDARD = gnu99;
				GCC_DYNAMIC_NO_PIC = NO;
				GCC_OPTIMIZATION_LEVEL = 0;
				GCC_PREPROCESSOR_DEFINITIONS = (
					"DEBUG=1",
					"$(inherited)",
				);
				GCC_SYMBOLS_PRIVATE_EXTERN = NO;
				GCC_WARN_ABOUT_RETURN_TYPE = YES;
				GCC_WARN_UNINITIALIZED_AUTOS = YES;
				GCC_WARN_UNUSED_VARIABLE = YES;
				IPHONEOS_DEPLOYMENT_TARGET = 6.1;
				ONLY_ACTIVE_ARCH = YES;
				SDKROOT = iphoneos;
			};
			name = Debug;
		};
		7F1F62B816EE4DBA00018974 /* Release */ = {
			isa = XCBuildConfiguration;
			buildSettings = {
				ALWAYS_SEARCH_USER_PATHS = NO;
				CLANG_CXX_LANGUAGE_STANDARD = "gnu++0x";
				CLANG_CXX_LIBRARY = "libc++";
				CLANG_ENABLE_OBJC_ARC = YES;
				CLANG_WARN_CONSTANT_CONVERSION = YES;
				CLANG_WARN_EMPTY_BODY = YES;
				CLANG_WARN_ENUM_CONVERSION = YES;
				CLANG_WARN_INT_CONVERSION = YES;
				CLANG_WARN__DUPLICATE_METHOD_MATCH = YES;
				"CODE_SIGN_IDENTITY[sdk=iphoneos*]" = "iPhone Developer";
				COPY_PHASE_STRIP = YES;
				GCC_C_LANGUAGE_STANDARD = gnu99;
				GCC_WARN_ABOUT_RETURN_TYPE = YES;
				GCC_WARN_UNINITIALIZED_AUTOS = YES;
				GCC_WARN_UNUSED_VARIABLE = YES;
				IPHONEOS_DEPLOYMENT_TARGET = 6.1;
				OTHER_CFLAGS = "-DNS_BLOCK_ASSERTIONS=1";
				SDKROOT = iphoneos;
				VALIDATE_PRODUCT = YES;
			};
			name = Release;
		};
		7F1F62BA16EE4DBA00018974 /* Debug */ = {
			isa = XCBuildConfiguration;
			baseConfigurationReference = FD017F1215EF4B949E75B2F9 /* Pods.xcconfig */;
			buildSettings = {
				GCC_PRECOMPILE_PREFIX_HEADER = YES;
				GCC_PREFIX_HEADER = "stourvalley/stourvalley-Prefix.pch";
				INFOPLIST_FILE = "stourvalley/stourvalley-Info.plist";
				PRODUCT_NAME = "$(TARGET_NAME)";
				WRAPPER_EXTENSION = app;
			};
			name = Debug;
		};
		7F1F62BB16EE4DBA00018974 /* Release */ = {
			isa = XCBuildConfiguration;
			baseConfigurationReference = FD017F1215EF4B949E75B2F9 /* Pods.xcconfig */;
			buildSettings = {
				GCC_PRECOMPILE_PREFIX_HEADER = YES;
				GCC_PREFIX_HEADER = "stourvalley/stourvalley-Prefix.pch";
				INFOPLIST_FILE = "stourvalley/stourvalley-Info.plist";
				PRODUCT_NAME = "$(TARGET_NAME)";
				WRAPPER_EXTENSION = app;
			};
			name = Release;
		};
/* End XCBuildConfiguration section */

/* Begin XCConfigurationList section */
		7F1F629116EE4DBA00018974 /* Build configuration list for PBXProject "stourvalley" */ = {
			isa = XCConfigurationList;
			buildConfigurations = (
				7F1F62B716EE4DBA00018974 /* Debug */,
				7F1F62B816EE4DBA00018974 /* Release */,
			);
			defaultConfigurationIsVisible = 0;
			defaultConfigurationName = Release;
		};
		7F1F62B916EE4DBA00018974 /* Build configuration list for PBXNativeTarget "stourvalley" */ = {
			isa = XCConfigurationList;
			buildConfigurations = (
				7F1F62BA16EE4DBA00018974 /* Debug */,
				7F1F62BB16EE4DBA00018974 /* Release */,
			);
			defaultConfigurationIsVisible = 0;
			defaultConfigurationName = Release;
		};
/* End XCConfigurationList section */

/* Begin XCVersionGroup section */
		7F109E421700B716008C0048 /* Stourvalley.xcdatamodeld */ = {
			isa = XCVersionGroup;
			children = (
				7F109E431700B716008C0048 /* Stourvalley.xcdatamodel */,
			);
			currentVersion = 7F109E431700B716008C0048 /* Stourvalley.xcdatamodel */;
			path = Stourvalley.xcdatamodeld;
			sourceTree = "<group>";
			versionGroupType = wrapper.xcdatamodel;
		};
/* End XCVersionGroup section */
	};
	rootObject = 7F1F628E16EE4DBA00018974 /* Project object */;
}
